// !$*UTF8*$!
{
	archiveVersion = 1;
	classes = {
	};
	objectVersion = 50;
	objects = {

/* Begin PBXBuildFile section */
		2236A0DF226648060026E213 /* Math.swift in Sources */ = {isa = PBXBuildFile; fileRef = 2236A0DE226648060026E213 /* Math.swift */; };
		2236A0E0226648060026E213 /* Math.swift in Sources */ = {isa = PBXBuildFile; fileRef = 2236A0DE226648060026E213 /* Math.swift */; };
		2236A0E1226648060026E213 /* Math.swift in Sources */ = {isa = PBXBuildFile; fileRef = 2236A0DE226648060026E213 /* Math.swift */; };
		2279B8892264E524001EEAB0 /* Advance.framework in Frameworks */ = {isa = PBXBuildFile; fileRef = 22A4665622063B4B00C0FEA1 /* Advance.framework */; };
		2279B8A92264E97E001EEAB0 /* Advance.framework in Frameworks */ = {isa = PBXBuildFile; fileRef = 22A4666322063B6400C0FEA1 /* Advance.framework */; };
		2279B8B02264EA03001EEAB0 /* Advance.framework in Frameworks */ = {isa = PBXBuildFile; fileRef = 22A4664622063B0400C0FEA1 /* Advance.framework */; };
		2279B8BD2264EA89001EEAB0 /* Advance.framework in Frameworks */ = {isa = PBXBuildFile; fileRef = 22A4665622063B4B00C0FEA1 /* Advance.framework */; };
		2279B8E02264EB73001EEAB0 /* Advance.framework in Frameworks */ = {isa = PBXBuildFile; fileRef = 22A4666322063B6400C0FEA1 /* Advance.framework */; };
		2279B8FF2264EC15001EEAB0 /* Advance.framework in Frameworks */ = {isa = PBXBuildFile; fileRef = 22A4664622063B0400C0FEA1 /* Advance.framework */; };
		2279B91B2264EE31001EEAB0 /* AnimationTests.swift in Sources */ = {isa = PBXBuildFile; fileRef = 2279B9132264EE02001EEAB0 /* AnimationTests.swift */; };
		2279B91C2264EE31001EEAB0 /* TimingFunctionTests.swift in Sources */ = {isa = PBXBuildFile; fileRef = 2279B9142264EE02001EEAB0 /* TimingFunctionTests.swift */; };
		2279B91D2264EE31001EEAB0 /* UnitBezierTests.swift in Sources */ = {isa = PBXBuildFile; fileRef = 2279B9152264EE02001EEAB0 /* UnitBezierTests.swift */; };
		2279B91E2264EE31001EEAB0 /* DisplayLinkTests.swift in Sources */ = {isa = PBXBuildFile; fileRef = 2279B9162264EE02001EEAB0 /* DisplayLinkTests.swift */; };
		2279B9222264EE31001EEAB0 /* VectorConvenienceTests.swift in Sources */ = {isa = PBXBuildFile; fileRef = 2279B91A2264EE02001EEAB0 /* VectorConvenienceTests.swift */; };
		2279B9232264EE31001EEAB0 /* AnimationTests.swift in Sources */ = {isa = PBXBuildFile; fileRef = 2279B9132264EE02001EEAB0 /* AnimationTests.swift */; };
		2279B9242264EE31001EEAB0 /* TimingFunctionTests.swift in Sources */ = {isa = PBXBuildFile; fileRef = 2279B9142264EE02001EEAB0 /* TimingFunctionTests.swift */; };
		2279B9252264EE31001EEAB0 /* UnitBezierTests.swift in Sources */ = {isa = PBXBuildFile; fileRef = 2279B9152264EE02001EEAB0 /* UnitBezierTests.swift */; };
		2279B9262264EE31001EEAB0 /* DisplayLinkTests.swift in Sources */ = {isa = PBXBuildFile; fileRef = 2279B9162264EE02001EEAB0 /* DisplayLinkTests.swift */; };
		2279B92A2264EE31001EEAB0 /* VectorConvenienceTests.swift in Sources */ = {isa = PBXBuildFile; fileRef = 2279B91A2264EE02001EEAB0 /* VectorConvenienceTests.swift */; };
		2279B92B2264EE32001EEAB0 /* AnimationTests.swift in Sources */ = {isa = PBXBuildFile; fileRef = 2279B9132264EE02001EEAB0 /* AnimationTests.swift */; };
		2279B92C2264EE32001EEAB0 /* TimingFunctionTests.swift in Sources */ = {isa = PBXBuildFile; fileRef = 2279B9142264EE02001EEAB0 /* TimingFunctionTests.swift */; };
		2279B92D2264EE32001EEAB0 /* UnitBezierTests.swift in Sources */ = {isa = PBXBuildFile; fileRef = 2279B9152264EE02001EEAB0 /* UnitBezierTests.swift */; };
		2279B92E2264EE32001EEAB0 /* DisplayLinkTests.swift in Sources */ = {isa = PBXBuildFile; fileRef = 2279B9162264EE02001EEAB0 /* DisplayLinkTests.swift */; };
		2279B9322264EE32001EEAB0 /* VectorConvenienceTests.swift in Sources */ = {isa = PBXBuildFile; fileRef = 2279B91A2264EE02001EEAB0 /* VectorConvenienceTests.swift */; };
		2279B93C2265097C001EEAB0 /* ViewController.swift in Sources */ = {isa = PBXBuildFile; fileRef = 2279B93A22650975001EEAB0 /* ViewController.swift */; };
		2279B93D2265097C001EEAB0 /* AppDelegate.swift in Sources */ = {isa = PBXBuildFile; fileRef = 2279B93B22650975001EEAB0 /* AppDelegate.swift */; };
		2279B93E2265099F001EEAB0 /* Assets.xcassets in Resources */ = {isa = PBXBuildFile; fileRef = 2279B93722650975001EEAB0 /* Assets.xcassets */; };
		2279B94922650A1E001EEAB0 /* SpringContainerView.swift in Sources */ = {isa = PBXBuildFile; fileRef = 2279B94022650A18001EEAB0 /* SpringContainerView.swift */; };
		2279B94A22650A1E001EEAB0 /* SpringView.swift in Sources */ = {isa = PBXBuildFile; fileRef = 2279B94122650A18001EEAB0 /* SpringView.swift */; };
		2279B94B22650A1E001EEAB0 /* AppDelegate.swift in Sources */ = {isa = PBXBuildFile; fileRef = 2279B94222650A18001EEAB0 /* AppDelegate.swift */; };
		2279B96A22650AA9001EEAB0 /* SpringsViewController.swift in Sources */ = {isa = PBXBuildFile; fileRef = 2279B95722650AA3001EEAB0 /* SpringsViewController.swift */; };
		2279B96B22650AA9001EEAB0 /* CoverView.swift in Sources */ = {isa = PBXBuildFile; fileRef = 2279B95822650AA3001EEAB0 /* CoverView.swift */; };
		2279B96C22650AA9001EEAB0 /* DecayViewController.swift in Sources */ = {isa = PBXBuildFile; fileRef = 2279B95922650AA3001EEAB0 /* DecayViewController.swift */; };
		2279B96D22650AA9001EEAB0 /* ActivityViewController.swift in Sources */ = {isa = PBXBuildFile; fileRef = 2279B95A22650AA3001EEAB0 /* ActivityViewController.swift */; };
		2279B96E22650AA9001EEAB0 /* DemoViewController.swift in Sources */ = {isa = PBXBuildFile; fileRef = 2279B95B22650AA3001EEAB0 /* DemoViewController.swift */; };
		2279B96F22650AA9001EEAB0 /* SpringView.swift in Sources */ = {isa = PBXBuildFile; fileRef = 2279B95C22650AA3001EEAB0 /* SpringView.swift */; };
		2279B97022650AA9001EEAB0 /* SimpleTransform.swift in Sources */ = {isa = PBXBuildFile; fileRef = 2279B95D22650AA3001EEAB0 /* SimpleTransform.swift */; };
		2279B97122650AA9001EEAB0 /* GesturesViewController.swift in Sources */ = {isa = PBXBuildFile; fileRef = 2279B95E22650AA3001EEAB0 /* GesturesViewController.swift */; };
		2279B97222650AA9001EEAB0 /* DirectManipulationGestureRecognizer.swift in Sources */ = {isa = PBXBuildFile; fileRef = 2279B95F22650AA3001EEAB0 /* DirectManipulationGestureRecognizer.swift */; };
		2279B97322650AA9001EEAB0 /* BrowserView.swift in Sources */ = {isa = PBXBuildFile; fileRef = 2279B96022650AA3001EEAB0 /* BrowserView.swift */; };
		2279B97422650AA9001EEAB0 /* SpringConfigurationView.swift in Sources */ = {isa = PBXBuildFile; fileRef = 2279B96122650AA3001EEAB0 /* SpringConfigurationView.swift */; };
		2279B97522650AA9001EEAB0 /* BrowserViewController.swift in Sources */ = {isa = PBXBuildFile; fileRef = 2279B96222650AA3001EEAB0 /* BrowserViewController.swift */; };
		2279B97622650AA9001EEAB0 /* AppDelegate.swift in Sources */ = {isa = PBXBuildFile; fileRef = 2279B96322650AA3001EEAB0 /* AppDelegate.swift */; };
		2279B97722650AA9001EEAB0 /* ActivityView.swift in Sources */ = {isa = PBXBuildFile; fileRef = 2279B96422650AA3001EEAB0 /* ActivityView.swift */; };
		2279B97822650ABA001EEAB0 /* Assets.xcassets in Resources */ = {isa = PBXBuildFile; fileRef = 2279B96622650AA3001EEAB0 /* Assets.xcassets */; };
		2279B97A2265A4CA001EEAB0 /* Spring.swift in Sources */ = {isa = PBXBuildFile; fileRef = 2279B9792265A4CA001EEAB0 /* Spring.swift */; };
		2279B97B2265A4CA001EEAB0 /* Spring.swift in Sources */ = {isa = PBXBuildFile; fileRef = 2279B9792265A4CA001EEAB0 /* Spring.swift */; };
		2279B97C2265A4CA001EEAB0 /* Spring.swift in Sources */ = {isa = PBXBuildFile; fileRef = 2279B9792265A4CA001EEAB0 /* Spring.swift */; };
		2279B97D2266262B001EEAB0 /* MainMenu.xib in Resources */ = {isa = PBXBuildFile; fileRef = 2279B94522650A18001EEAB0 /* MainMenu.xib */; };
		22A466A522063CDC00C0FEA1 /* Simulation.swift in Sources */ = {isa = PBXBuildFile; fileRef = 22A4667622063CDC00C0FEA1 /* Simulation.swift */; };
		22A466A622063CDC00C0FEA1 /* Simulation.swift in Sources */ = {isa = PBXBuildFile; fileRef = 22A4667622063CDC00C0FEA1 /* Simulation.swift */; };
		22A466A722063CDC00C0FEA1 /* Simulation.swift in Sources */ = {isa = PBXBuildFile; fileRef = 22A4667622063CDC00C0FEA1 /* Simulation.swift */; };
		22A466AE22063CDC00C0FEA1 /* DisplayLink.swift in Sources */ = {isa = PBXBuildFile; fileRef = 22A4667922063CDC00C0FEA1 /* DisplayLink.swift */; };
		22A466AF22063CDC00C0FEA1 /* DisplayLink.swift in Sources */ = {isa = PBXBuildFile; fileRef = 22A4667922063CDC00C0FEA1 /* DisplayLink.swift */; };
		22A466B022063CDC00C0FEA1 /* DisplayLink.swift in Sources */ = {isa = PBXBuildFile; fileRef = 22A4667922063CDC00C0FEA1 /* DisplayLink.swift */; };
		22A466E422063CDD00C0FEA1 /* Animator.swift in Sources */ = {isa = PBXBuildFile; fileRef = 22A4668D22063CDC00C0FEA1 /* Animator.swift */; };
		22A466E522063CDD00C0FEA1 /* Animator.swift in Sources */ = {isa = PBXBuildFile; fileRef = 22A4668D22063CDC00C0FEA1 /* Animator.swift */; };
		22A466E622063CDD00C0FEA1 /* Animator.swift in Sources */ = {isa = PBXBuildFile; fileRef = 22A4668D22063CDC00C0FEA1 /* Animator.swift */; };
		22A466F022063CDD00C0FEA1 /* SimulationFunction.swift in Sources */ = {isa = PBXBuildFile; fileRef = 22A4669122063CDC00C0FEA1 /* SimulationFunction.swift */; };
		22A466F122063CDD00C0FEA1 /* SimulationFunction.swift in Sources */ = {isa = PBXBuildFile; fileRef = 22A4669122063CDC00C0FEA1 /* SimulationFunction.swift */; };
		22A466F222063CDD00C0FEA1 /* SimulationFunction.swift in Sources */ = {isa = PBXBuildFile; fileRef = 22A4669122063CDC00C0FEA1 /* SimulationFunction.swift */; };
		22A466F322063CDD00C0FEA1 /* DecayFunction.swift in Sources */ = {isa = PBXBuildFile; fileRef = 22A4669322063CDC00C0FEA1 /* DecayFunction.swift */; };
		22A466F422063CDD00C0FEA1 /* DecayFunction.swift in Sources */ = {isa = PBXBuildFile; fileRef = 22A4669322063CDC00C0FEA1 /* DecayFunction.swift */; };
		22A466F522063CDD00C0FEA1 /* DecayFunction.swift in Sources */ = {isa = PBXBuildFile; fileRef = 22A4669322063CDC00C0FEA1 /* DecayFunction.swift */; };
		22A466F622063CDD00C0FEA1 /* SpringFunction.swift in Sources */ = {isa = PBXBuildFile; fileRef = 22A4669422063CDC00C0FEA1 /* SpringFunction.swift */; };
		22A466F722063CDD00C0FEA1 /* SpringFunction.swift in Sources */ = {isa = PBXBuildFile; fileRef = 22A4669422063CDC00C0FEA1 /* SpringFunction.swift */; };
		22A466F822063CDD00C0FEA1 /* SpringFunction.swift in Sources */ = {isa = PBXBuildFile; fileRef = 22A4669422063CDC00C0FEA1 /* SpringFunction.swift */; };
		22A466FC22063CDD00C0FEA1 /* VectorConvertible.swift in Sources */ = {isa = PBXBuildFile; fileRef = 22A4669622063CDC00C0FEA1 /* VectorConvertible.swift */; };
		22A466FD22063CDD00C0FEA1 /* VectorConvertible.swift in Sources */ = {isa = PBXBuildFile; fileRef = 22A4669622063CDC00C0FEA1 /* VectorConvertible.swift */; };
		22A466FE22063CDD00C0FEA1 /* VectorConvertible.swift in Sources */ = {isa = PBXBuildFile; fileRef = 22A4669622063CDC00C0FEA1 /* VectorConvertible.swift */; };
		22A4670522063CDD00C0FEA1 /* Animation.swift in Sources */ = {isa = PBXBuildFile; fileRef = 22A4669C22063CDC00C0FEA1 /* Animation.swift */; };
		22A4670622063CDD00C0FEA1 /* Animation.swift in Sources */ = {isa = PBXBuildFile; fileRef = 22A4669C22063CDC00C0FEA1 /* Animation.swift */; };
		22A4670722063CDD00C0FEA1 /* Animation.swift in Sources */ = {isa = PBXBuildFile; fileRef = 22A4669C22063CDC00C0FEA1 /* Animation.swift */; };
		22A4670822063CDD00C0FEA1 /* UnitBezier.swift in Sources */ = {isa = PBXBuildFile; fileRef = 22A4669D22063CDC00C0FEA1 /* UnitBezier.swift */; };
		22A4670922063CDD00C0FEA1 /* UnitBezier.swift in Sources */ = {isa = PBXBuildFile; fileRef = 22A4669D22063CDC00C0FEA1 /* UnitBezier.swift */; };
		22A4670A22063CDD00C0FEA1 /* UnitBezier.swift in Sources */ = {isa = PBXBuildFile; fileRef = 22A4669D22063CDC00C0FEA1 /* UnitBezier.swift */; };
		22A4670B22063CDD00C0FEA1 /* TimingFunction.swift in Sources */ = {isa = PBXBuildFile; fileRef = 22A4669E22063CDC00C0FEA1 /* TimingFunction.swift */; };
		22A4670C22063CDD00C0FEA1 /* TimingFunction.swift in Sources */ = {isa = PBXBuildFile; fileRef = 22A4669E22063CDC00C0FEA1 /* TimingFunction.swift */; };
		22A4670D22063CDD00C0FEA1 /* TimingFunction.swift in Sources */ = {isa = PBXBuildFile; fileRef = 22A4669E22063CDC00C0FEA1 /* TimingFunction.swift */; };
/* End PBXBuildFile section */

/* Begin PBXContainerItemProxy section */
		2279B8902264E5C8001EEAB0 /* PBXContainerItemProxy */ = {
			isa = PBXContainerItemProxy;
			containerPortal = 22A4663D22063B0400C0FEA1 /* Project object */;
			proxyType = 1;
			remoteGlobalIDString = 22A4665522063B4B00C0FEA1;
			remoteInfo = "Advance-iOS";
		};
		2279B8BE2264EA89001EEAB0 /* PBXContainerItemProxy */ = {
			isa = PBXContainerItemProxy;
			containerPortal = 22A4663D22063B0400C0FEA1 /* Project object */;
			proxyType = 1;
			remoteGlobalIDString = 22A4665522063B4B00C0FEA1;
			remoteInfo = "Advance-iOS";
		};
		2279B8E12264EB73001EEAB0 /* PBXContainerItemProxy */ = {
			isa = PBXContainerItemProxy;
			containerPortal = 22A4663D22063B0400C0FEA1 /* Project object */;
			proxyType = 1;
			remoteGlobalIDString = 22A4666222063B6400C0FEA1;
			remoteInfo = "Advance-tvOS";
		};
		2279B9002264EC15001EEAB0 /* PBXContainerItemProxy */ = {
			isa = PBXContainerItemProxy;
			containerPortal = 22A4663D22063B0400C0FEA1 /* Project object */;
			proxyType = 1;
			remoteGlobalIDString = 22A4664522063B0400C0FEA1;
			remoteInfo = "Advance-macOS";
		};
/* End PBXContainerItemProxy section */

/* Begin PBXCopyFilesBuildPhase section */
		2279B8A32264E644001EEAB0 /* Embed Frameworks */ = {
			isa = PBXCopyFilesBuildPhase;
			buildActionMask = 2147483647;
			dstPath = "";
			dstSubfolderSpec = 10;
			files = (
			);
			name = "Embed Frameworks";
			runOnlyForDeploymentPostprocessing = 0;
		};
/* End PBXCopyFilesBuildPhase section */

/* Begin PBXFileReference section */
		2236A0DE226648060026E213 /* Math.swift */ = {isa = PBXFileReference; lastKnownFileType = sourcecode.swift; path = Math.swift; sourceTree = "<group>"; };
		2279B8252264E42E001EEAB0 /* SampleApp-iOS.app */ = {isa = PBXFileReference; explicitFileType = wrapper.application; includeInIndex = 0; path = "SampleApp-iOS.app"; sourceTree = BUILT_PRODUCTS_DIR; };
		2279B83B2264E453001EEAB0 /* SampleApp-tvOS.app */ = {isa = PBXFileReference; explicitFileType = wrapper.application; includeInIndex = 0; path = "SampleApp-tvOS.app"; sourceTree = BUILT_PRODUCTS_DIR; };
		2279B84E2264E479001EEAB0 /* SampleApp-macOS.app */ = {isa = PBXFileReference; explicitFileType = wrapper.application; includeInIndex = 0; path = "SampleApp-macOS.app"; sourceTree = BUILT_PRODUCTS_DIR; };
		2279B8B82264EA89001EEAB0 /* Advance-UnitTests-iOS.xctest */ = {isa = PBXFileReference; explicitFileType = wrapper.cfbundle; includeInIndex = 0; path = "Advance-UnitTests-iOS.xctest"; sourceTree = BUILT_PRODUCTS_DIR; };
		2279B8DB2264EB73001EEAB0 /* Advance-UnitTests-tvOS.xctest */ = {isa = PBXFileReference; explicitFileType = wrapper.cfbundle; includeInIndex = 0; path = "Advance-UnitTests-tvOS.xctest"; sourceTree = BUILT_PRODUCTS_DIR; };
		2279B8FA2264EC15001EEAB0 /* Advance-UnitTests-macOS.xctest */ = {isa = PBXFileReference; explicitFileType = wrapper.cfbundle; includeInIndex = 0; path = "Advance-UnitTests-macOS.xctest"; sourceTree = BUILT_PRODUCTS_DIR; };
		2279B90F2264EE02001EEAB0 /* Info-iOS.plist */ = {isa = PBXFileReference; lastKnownFileType = text.plist.xml; path = "Info-iOS.plist"; sourceTree = "<group>"; };
		2279B9102264EE02001EEAB0 /* Info-tvOS.plist */ = {isa = PBXFileReference; lastKnownFileType = text.plist.xml; path = "Info-tvOS.plist"; sourceTree = "<group>"; };
		2279B9112264EE02001EEAB0 /* Info-macOS.plist */ = {isa = PBXFileReference; lastKnownFileType = text.plist.xml; path = "Info-macOS.plist"; sourceTree = "<group>"; };
		2279B9132264EE02001EEAB0 /* AnimationTests.swift */ = {isa = PBXFileReference; lastKnownFileType = sourcecode.swift; path = AnimationTests.swift; sourceTree = "<group>"; };
		2279B9142264EE02001EEAB0 /* TimingFunctionTests.swift */ = {isa = PBXFileReference; lastKnownFileType = sourcecode.swift; path = TimingFunctionTests.swift; sourceTree = "<group>"; };
		2279B9152264EE02001EEAB0 /* UnitBezierTests.swift */ = {isa = PBXFileReference; lastKnownFileType = sourcecode.swift; path = UnitBezierTests.swift; sourceTree = "<group>"; };
		2279B9162264EE02001EEAB0 /* DisplayLinkTests.swift */ = {isa = PBXFileReference; lastKnownFileType = sourcecode.swift; path = DisplayLinkTests.swift; sourceTree = "<group>"; };
		2279B91A2264EE02001EEAB0 /* VectorConvenienceTests.swift */ = {isa = PBXFileReference; lastKnownFileType = sourcecode.swift; path = VectorConvenienceTests.swift; sourceTree = "<group>"; };
		2279B93722650975001EEAB0 /* Assets.xcassets */ = {isa = PBXFileReference; lastKnownFileType = folder.assetcatalog; path = Assets.xcassets; sourceTree = "<group>"; };
		2279B93822650975001EEAB0 /* Info.plist */ = {isa = PBXFileReference; lastKnownFileType = text.plist.xml; path = Info.plist; sourceTree = "<group>"; };
		2279B93A22650975001EEAB0 /* ViewController.swift */ = {isa = PBXFileReference; lastKnownFileType = sourcecode.swift; path = ViewController.swift; sourceTree = "<group>"; };
		2279B93B22650975001EEAB0 /* AppDelegate.swift */ = {isa = PBXFileReference; lastKnownFileType = sourcecode.swift; path = AppDelegate.swift; sourceTree = "<group>"; };
		2279B94022650A18001EEAB0 /* SpringContainerView.swift */ = {isa = PBXFileReference; lastKnownFileType = sourcecode.swift; path = SpringContainerView.swift; sourceTree = "<group>"; };
		2279B94122650A18001EEAB0 /* SpringView.swift */ = {isa = PBXFileReference; lastKnownFileType = sourcecode.swift; path = SpringView.swift; sourceTree = "<group>"; };
		2279B94222650A18001EEAB0 /* AppDelegate.swift */ = {isa = PBXFileReference; lastKnownFileType = sourcecode.swift; path = AppDelegate.swift; sourceTree = "<group>"; };
		2279B94422650A18001EEAB0 /* Assets.xcassets */ = {isa = PBXFileReference; lastKnownFileType = folder.assetcatalog; path = Assets.xcassets; sourceTree = "<group>"; };
		2279B94622650A18001EEAB0 /* Base */ = {isa = PBXFileReference; lastKnownFileType = file.xib; name = Base; path = Base.lproj/MainMenu.xib; sourceTree = "<group>"; };
		2279B94722650A18001EEAB0 /* SampleApp_macOS.entitlements */ = {isa = PBXFileReference; lastKnownFileType = text.plist.entitlements; path = SampleApp_macOS.entitlements; sourceTree = "<group>"; };
		2279B94822650A18001EEAB0 /* Info.plist */ = {isa = PBXFileReference; lastKnownFileType = text.plist.xml; path = Info.plist; sourceTree = "<group>"; };
		2279B95722650AA3001EEAB0 /* SpringsViewController.swift */ = {isa = PBXFileReference; lastKnownFileType = sourcecode.swift; path = SpringsViewController.swift; sourceTree = "<group>"; };
		2279B95822650AA3001EEAB0 /* CoverView.swift */ = {isa = PBXFileReference; lastKnownFileType = sourcecode.swift; path = CoverView.swift; sourceTree = "<group>"; };
		2279B95922650AA3001EEAB0 /* DecayViewController.swift */ = {isa = PBXFileReference; lastKnownFileType = sourcecode.swift; path = DecayViewController.swift; sourceTree = "<group>"; };
		2279B95A22650AA3001EEAB0 /* ActivityViewController.swift */ = {isa = PBXFileReference; lastKnownFileType = sourcecode.swift; path = ActivityViewController.swift; sourceTree = "<group>"; };
		2279B95B22650AA3001EEAB0 /* DemoViewController.swift */ = {isa = PBXFileReference; lastKnownFileType = sourcecode.swift; path = DemoViewController.swift; sourceTree = "<group>"; };
		2279B95C22650AA3001EEAB0 /* SpringView.swift */ = {isa = PBXFileReference; lastKnownFileType = sourcecode.swift; path = SpringView.swift; sourceTree = "<group>"; };
		2279B95D22650AA3001EEAB0 /* SimpleTransform.swift */ = {isa = PBXFileReference; lastKnownFileType = sourcecode.swift; path = SimpleTransform.swift; sourceTree = "<group>"; };
		2279B95E22650AA3001EEAB0 /* GesturesViewController.swift */ = {isa = PBXFileReference; lastKnownFileType = sourcecode.swift; path = GesturesViewController.swift; sourceTree = "<group>"; };
		2279B95F22650AA3001EEAB0 /* DirectManipulationGestureRecognizer.swift */ = {isa = PBXFileReference; lastKnownFileType = sourcecode.swift; path = DirectManipulationGestureRecognizer.swift; sourceTree = "<group>"; };
		2279B96022650AA3001EEAB0 /* BrowserView.swift */ = {isa = PBXFileReference; lastKnownFileType = sourcecode.swift; path = BrowserView.swift; sourceTree = "<group>"; };
		2279B96122650AA3001EEAB0 /* SpringConfigurationView.swift */ = {isa = PBXFileReference; lastKnownFileType = sourcecode.swift; path = SpringConfigurationView.swift; sourceTree = "<group>"; };
		2279B96222650AA3001EEAB0 /* BrowserViewController.swift */ = {isa = PBXFileReference; lastKnownFileType = sourcecode.swift; path = BrowserViewController.swift; sourceTree = "<group>"; };
		2279B96322650AA3001EEAB0 /* AppDelegate.swift */ = {isa = PBXFileReference; lastKnownFileType = sourcecode.swift; path = AppDelegate.swift; sourceTree = "<group>"; };
		2279B96422650AA3001EEAB0 /* ActivityView.swift */ = {isa = PBXFileReference; lastKnownFileType = sourcecode.swift; path = ActivityView.swift; sourceTree = "<group>"; };
		2279B96622650AA3001EEAB0 /* Assets.xcassets */ = {isa = PBXFileReference; lastKnownFileType = folder.assetcatalog; path = Assets.xcassets; sourceTree = "<group>"; };
		2279B96822650AA3001EEAB0 /* Base */ = {isa = PBXFileReference; lastKnownFileType = file.storyboard; name = Base; path = Base.lproj/LaunchScreen.storyboard; sourceTree = "<group>"; };
		2279B96922650AA3001EEAB0 /* Info.plist */ = {isa = PBXFileReference; lastKnownFileType = text.plist.xml; path = Info.plist; sourceTree = "<group>"; };
		2279B9792265A4CA001EEAB0 /* Spring.swift */ = {isa = PBXFileReference; lastKnownFileType = sourcecode.swift; path = Spring.swift; sourceTree = "<group>"; };
		22A4664622063B0400C0FEA1 /* Advance.framework */ = {isa = PBXFileReference; explicitFileType = wrapper.framework; includeInIndex = 0; path = Advance.framework; sourceTree = BUILT_PRODUCTS_DIR; };
		22A4665622063B4B00C0FEA1 /* Advance.framework */ = {isa = PBXFileReference; explicitFileType = wrapper.framework; includeInIndex = 0; path = Advance.framework; sourceTree = BUILT_PRODUCTS_DIR; };
		22A4666322063B6400C0FEA1 /* Advance.framework */ = {isa = PBXFileReference; explicitFileType = wrapper.framework; includeInIndex = 0; path = Advance.framework; sourceTree = BUILT_PRODUCTS_DIR; };
		22A4667622063CDC00C0FEA1 /* Simulation.swift */ = {isa = PBXFileReference; fileEncoding = 4; lastKnownFileType = sourcecode.swift; path = Simulation.swift; sourceTree = "<group>"; };
		22A4667922063CDC00C0FEA1 /* DisplayLink.swift */ = {isa = PBXFileReference; fileEncoding = 4; lastKnownFileType = sourcecode.swift; path = DisplayLink.swift; sourceTree = "<group>"; };
		22A4668D22063CDC00C0FEA1 /* Animator.swift */ = {isa = PBXFileReference; fileEncoding = 4; lastKnownFileType = sourcecode.swift; path = Animator.swift; sourceTree = "<group>"; };
		22A4669122063CDC00C0FEA1 /* SimulationFunction.swift */ = {isa = PBXFileReference; fileEncoding = 4; lastKnownFileType = sourcecode.swift; path = SimulationFunction.swift; sourceTree = "<group>"; };
		22A4669322063CDC00C0FEA1 /* DecayFunction.swift */ = {isa = PBXFileReference; fileEncoding = 4; lastKnownFileType = sourcecode.swift; path = DecayFunction.swift; sourceTree = "<group>"; };
		22A4669422063CDC00C0FEA1 /* SpringFunction.swift */ = {isa = PBXFileReference; fileEncoding = 4; lastKnownFileType = sourcecode.swift; path = SpringFunction.swift; sourceTree = "<group>"; };
		22A4669622063CDC00C0FEA1 /* VectorConvertible.swift */ = {isa = PBXFileReference; fileEncoding = 4; lastKnownFileType = sourcecode.swift; path = VectorConvertible.swift; sourceTree = "<group>"; };
		22A4669C22063CDC00C0FEA1 /* Animation.swift */ = {isa = PBXFileReference; fileEncoding = 4; lastKnownFileType = sourcecode.swift; path = Animation.swift; sourceTree = "<group>"; };
		22A4669D22063CDC00C0FEA1 /* UnitBezier.swift */ = {isa = PBXFileReference; fileEncoding = 4; lastKnownFileType = sourcecode.swift; path = UnitBezier.swift; sourceTree = "<group>"; };
		22A4669E22063CDC00C0FEA1 /* TimingFunction.swift */ = {isa = PBXFileReference; fileEncoding = 4; lastKnownFileType = sourcecode.swift; path = TimingFunction.swift; sourceTree = "<group>"; };
		22A4670F22063CEA00C0FEA1 /* Info.plist */ = {isa = PBXFileReference; fileEncoding = 4; lastKnownFileType = text.plist.xml; path = Info.plist; sourceTree = "<group>"; };
/* End PBXFileReference section */

/* Begin PBXFrameworksBuildPhase section */
		2279B8222264E42E001EEAB0 /* Frameworks */ = {
			isa = PBXFrameworksBuildPhase;
			buildActionMask = 2147483647;
			files = (
				2279B8892264E524001EEAB0 /* Advance.framework in Frameworks */,
			);
			runOnlyForDeploymentPostprocessing = 0;
		};
		2279B8382264E453001EEAB0 /* Frameworks */ = {
			isa = PBXFrameworksBuildPhase;
			buildActionMask = 2147483647;
			files = (
				2279B8A92264E97E001EEAB0 /* Advance.framework in Frameworks */,
			);
			runOnlyForDeploymentPostprocessing = 0;
		};
		2279B84B2264E479001EEAB0 /* Frameworks */ = {
			isa = PBXFrameworksBuildPhase;
			buildActionMask = 2147483647;
			files = (
				2279B8B02264EA03001EEAB0 /* Advance.framework in Frameworks */,
			);
			runOnlyForDeploymentPostprocessing = 0;
		};
		2279B8B52264EA89001EEAB0 /* Frameworks */ = {
			isa = PBXFrameworksBuildPhase;
			buildActionMask = 2147483647;
			files = (
				2279B8BD2264EA89001EEAB0 /* Advance.framework in Frameworks */,
			);
			runOnlyForDeploymentPostprocessing = 0;
		};
		2279B8D82264EB73001EEAB0 /* Frameworks */ = {
			isa = PBXFrameworksBuildPhase;
			buildActionMask = 2147483647;
			files = (
				2279B8E02264EB73001EEAB0 /* Advance.framework in Frameworks */,
			);
			runOnlyForDeploymentPostprocessing = 0;
		};
		2279B8F72264EC15001EEAB0 /* Frameworks */ = {
			isa = PBXFrameworksBuildPhase;
			buildActionMask = 2147483647;
			files = (
				2279B8FF2264EC15001EEAB0 /* Advance.framework in Frameworks */,
			);
			runOnlyForDeploymentPostprocessing = 0;
		};
		22A4664322063B0400C0FEA1 /* Frameworks */ = {
			isa = PBXFrameworksBuildPhase;
			buildActionMask = 2147483647;
			files = (
			);
			runOnlyForDeploymentPostprocessing = 0;
		};
		22A4665322063B4B00C0FEA1 /* Frameworks */ = {
			isa = PBXFrameworksBuildPhase;
			buildActionMask = 2147483647;
			files = (
			);
			runOnlyForDeploymentPostprocessing = 0;
		};
		22A4666022063B6400C0FEA1 /* Frameworks */ = {
			isa = PBXFrameworksBuildPhase;
			buildActionMask = 2147483647;
			files = (
			);
			runOnlyForDeploymentPostprocessing = 0;
		};
/* End PBXFrameworksBuildPhase section */

/* Begin PBXGroup section */
		2236A0D7226642280026E213 /* Internal */ = {
			isa = PBXGroup;
			children = (
				22A4667922063CDC00C0FEA1 /* DisplayLink.swift */,
				2236A0DE226648060026E213 /* Math.swift */,
				22A4667622063CDC00C0FEA1 /* Simulation.swift */,
				22A4669C22063CDC00C0FEA1 /* Animation.swift */,
			);
			path = Internal;
			sourceTree = "<group>";
		};
		2279B8202264E405001EEAB0 /* Samples */ = {
			isa = PBXGroup;
			children = (
				2279B8262264E42E001EEAB0 /* SampleApp-iOS */,
				2279B83C2264E453001EEAB0 /* SampleApp-tvOS */,
				2279B84F2264E479001EEAB0 /* SampleApp-macOS */,
			);
			path = Samples;
			sourceTree = "<group>";
		};
		2279B8262264E42E001EEAB0 /* SampleApp-iOS */ = {
			isa = PBXGroup;
			children = (
				2279B96522650AA3001EEAB0 /* Resources */,
				2279B95622650AA3001EEAB0 /* Sources */,
			);
			path = "SampleApp-iOS";
			sourceTree = "<group>";
		};
		2279B83C2264E453001EEAB0 /* SampleApp-tvOS */ = {
			isa = PBXGroup;
			children = (
				2279B93622650975001EEAB0 /* Resources */,
				2279B93922650975001EEAB0 /* Sources */,
			);
			path = "SampleApp-tvOS";
			sourceTree = "<group>";
		};
		2279B84F2264E479001EEAB0 /* SampleApp-macOS */ = {
			isa = PBXGroup;
			children = (
				2279B94322650A18001EEAB0 /* Resources */,
				2279B93F22650A18001EEAB0 /* Sources */,
			);
			path = "SampleApp-macOS";
			sourceTree = "<group>";
		};
		2279B8882264E524001EEAB0 /* Frameworks */ = {
			isa = PBXGroup;
			children = (
			);
			name = Frameworks;
			sourceTree = "<group>";
		};
		2279B90D2264EE02001EEAB0 /* Tests */ = {
			isa = PBXGroup;
			children = (
				2279B90E2264EE02001EEAB0 /* Resources */,
				2279B9122264EE02001EEAB0 /* Sources */,
			);
			path = Tests;
			sourceTree = "<group>";
		};
		2279B90E2264EE02001EEAB0 /* Resources */ = {
			isa = PBXGroup;
			children = (
				2279B90F2264EE02001EEAB0 /* Info-iOS.plist */,
				2279B9102264EE02001EEAB0 /* Info-tvOS.plist */,
				2279B9112264EE02001EEAB0 /* Info-macOS.plist */,
			);
			path = Resources;
			sourceTree = "<group>";
		};
		2279B9122264EE02001EEAB0 /* Sources */ = {
			isa = PBXGroup;
			children = (
				2279B9132264EE02001EEAB0 /* AnimationTests.swift */,
				2279B9142264EE02001EEAB0 /* TimingFunctionTests.swift */,
				2279B9152264EE02001EEAB0 /* UnitBezierTests.swift */,
				2279B9162264EE02001EEAB0 /* DisplayLinkTests.swift */,
				2279B91A2264EE02001EEAB0 /* VectorConvenienceTests.swift */,
			);
			path = Sources;
			sourceTree = "<group>";
		};
		2279B93622650975001EEAB0 /* Resources */ = {
			isa = PBXGroup;
			children = (
				2279B93722650975001EEAB0 /* Assets.xcassets */,
				2279B93822650975001EEAB0 /* Info.plist */,
			);
			path = Resources;
			sourceTree = "<group>";
		};
		2279B93922650975001EEAB0 /* Sources */ = {
			isa = PBXGroup;
			children = (
				2279B93A22650975001EEAB0 /* ViewController.swift */,
				2279B93B22650975001EEAB0 /* AppDelegate.swift */,
			);
			path = Sources;
			sourceTree = "<group>";
		};
		2279B93F22650A18001EEAB0 /* Sources */ = {
			isa = PBXGroup;
			children = (
				2279B94022650A18001EEAB0 /* SpringContainerView.swift */,
				2279B94122650A18001EEAB0 /* SpringView.swift */,
				2279B94222650A18001EEAB0 /* AppDelegate.swift */,
			);
			path = Sources;
			sourceTree = "<group>";
		};
		2279B94322650A18001EEAB0 /* Resources */ = {
			isa = PBXGroup;
			children = (
				2279B94422650A18001EEAB0 /* Assets.xcassets */,
				2279B94522650A18001EEAB0 /* MainMenu.xib */,
				2279B94722650A18001EEAB0 /* SampleApp_macOS.entitlements */,
				2279B94822650A18001EEAB0 /* Info.plist */,
			);
			path = Resources;
			sourceTree = "<group>";
		};
		2279B95622650AA3001EEAB0 /* Sources */ = {
			isa = PBXGroup;
			children = (
				2279B95722650AA3001EEAB0 /* SpringsViewController.swift */,
				2279B95822650AA3001EEAB0 /* CoverView.swift */,
				2279B95922650AA3001EEAB0 /* DecayViewController.swift */,
				2279B95A22650AA3001EEAB0 /* ActivityViewController.swift */,
				2279B95B22650AA3001EEAB0 /* DemoViewController.swift */,
				2279B95C22650AA3001EEAB0 /* SpringView.swift */,
				2279B95D22650AA3001EEAB0 /* SimpleTransform.swift */,
				2279B95E22650AA3001EEAB0 /* GesturesViewController.swift */,
				2279B95F22650AA3001EEAB0 /* DirectManipulationGestureRecognizer.swift */,
				2279B96022650AA3001EEAB0 /* BrowserView.swift */,
				2279B96122650AA3001EEAB0 /* SpringConfigurationView.swift */,
				2279B96222650AA3001EEAB0 /* BrowserViewController.swift */,
				2279B96322650AA3001EEAB0 /* AppDelegate.swift */,
				2279B96422650AA3001EEAB0 /* ActivityView.swift */,
			);
			path = Sources;
			sourceTree = "<group>";
		};
		2279B96522650AA3001EEAB0 /* Resources */ = {
			isa = PBXGroup;
			children = (
				2279B96622650AA3001EEAB0 /* Assets.xcassets */,
				2279B96722650AA3001EEAB0 /* LaunchScreen.storyboard */,
				2279B96922650AA3001EEAB0 /* Info.plist */,
			);
			path = Resources;
			sourceTree = "<group>";
		};
		22A4663C22063B0400C0FEA1 = {
			isa = PBXGroup;
			children = (
				2279B90D2264EE02001EEAB0 /* Tests */,
				2279B8202264E405001EEAB0 /* Samples */,
				22A4670E22063CEA00C0FEA1 /* Resources */,
				22A4667322063CDC00C0FEA1 /* Sources */,
				22A4664722063B0400C0FEA1 /* Products */,
				2279B8882264E524001EEAB0 /* Frameworks */,
			);
			sourceTree = "<group>";
		};
		22A4664722063B0400C0FEA1 /* Products */ = {
			isa = PBXGroup;
			children = (
				22A4664622063B0400C0FEA1 /* Advance.framework */,
				22A4665622063B4B00C0FEA1 /* Advance.framework */,
				22A4666322063B6400C0FEA1 /* Advance.framework */,
				2279B8252264E42E001EEAB0 /* SampleApp-iOS.app */,
				2279B83B2264E453001EEAB0 /* SampleApp-tvOS.app */,
				2279B84E2264E479001EEAB0 /* SampleApp-macOS.app */,
				2279B8B82264EA89001EEAB0 /* Advance-UnitTests-iOS.xctest */,
				2279B8DB2264EB73001EEAB0 /* Advance-UnitTests-tvOS.xctest */,
				2279B8FA2264EC15001EEAB0 /* Advance-UnitTests-macOS.xctest */,
			);
			name = Products;
			sourceTree = "<group>";
		};
		22A4667322063CDC00C0FEA1 /* Sources */ = {
			isa = PBXGroup;
			children = (
				2236A0D7226642280026E213 /* Internal */,
				2279B9792265A4CA001EEAB0 /* Spring.swift */,
				22A4669122063CDC00C0FEA1 /* SimulationFunction.swift */,
				22A4669322063CDC00C0FEA1 /* DecayFunction.swift */,
				22A4669422063CDC00C0FEA1 /* SpringFunction.swift */,
				22A4668D22063CDC00C0FEA1 /* Animator.swift */,
				22A4669D22063CDC00C0FEA1 /* UnitBezier.swift */,
				22A4669E22063CDC00C0FEA1 /* TimingFunction.swift */,
				22A4669622063CDC00C0FEA1 /* VectorConvertible.swift */,
			);
			path = Sources;
			sourceTree = "<group>";
		};
		22A4670E22063CEA00C0FEA1 /* Resources */ = {
			isa = PBXGroup;
			children = (
				22A4670F22063CEA00C0FEA1 /* Info.plist */,
			);
			path = Resources;
			sourceTree = "<group>";
		};
/* End PBXGroup section */

/* Begin PBXHeadersBuildPhase section */
		22A4664122063B0400C0FEA1 /* Headers */ = {
			isa = PBXHeadersBuildPhase;
			buildActionMask = 2147483647;
			files = (
			);
			runOnlyForDeploymentPostprocessing = 0;
		};
		22A4665122063B4B00C0FEA1 /* Headers */ = {
			isa = PBXHeadersBuildPhase;
			buildActionMask = 2147483647;
			files = (
			);
			runOnlyForDeploymentPostprocessing = 0;
		};
		22A4665E22063B6400C0FEA1 /* Headers */ = {
			isa = PBXHeadersBuildPhase;
			buildActionMask = 2147483647;
			files = (
			);
			runOnlyForDeploymentPostprocessing = 0;
		};
/* End PBXHeadersBuildPhase section */

/* Begin PBXNativeTarget section */
		2279B8242264E42E001EEAB0 /* SampleApp-iOS */ = {
			isa = PBXNativeTarget;
			buildConfigurationList = 2279B8342264E42E001EEAB0 /* Build configuration list for PBXNativeTarget "SampleApp-iOS" */;
			buildPhases = (
				2279B8212264E42E001EEAB0 /* Sources */,
				2279B8222264E42E001EEAB0 /* Frameworks */,
				2279B8232264E42E001EEAB0 /* Resources */,
				2279B8A32264E644001EEAB0 /* Embed Frameworks */,
			);
			buildRules = (
			);
			dependencies = (
				2279B8912264E5C8001EEAB0 /* PBXTargetDependency */,
			);
			name = "SampleApp-iOS";
			productName = "SampleApp-iOS";
			productReference = 2279B8252264E42E001EEAB0 /* SampleApp-iOS.app */;
			productType = "com.apple.product-type.application";
		};
		2279B83A2264E453001EEAB0 /* SampleApp-tvOS */ = {
			isa = PBXNativeTarget;
			buildConfigurationList = 2279B8472264E454001EEAB0 /* Build configuration list for PBXNativeTarget "SampleApp-tvOS" */;
			buildPhases = (
				2279B8372264E453001EEAB0 /* Sources */,
				2279B8382264E453001EEAB0 /* Frameworks */,
				2279B8392264E453001EEAB0 /* Resources */,
			);
			buildRules = (
			);
			dependencies = (
			);
			name = "SampleApp-tvOS";
			productName = "SampleApp-tvOS";
			productReference = 2279B83B2264E453001EEAB0 /* SampleApp-tvOS.app */;
			productType = "com.apple.product-type.application";
		};
		2279B84D2264E479001EEAB0 /* SampleApp-macOS */ = {
			isa = PBXNativeTarget;
			buildConfigurationList = 2279B8592264E479001EEAB0 /* Build configuration list for PBXNativeTarget "SampleApp-macOS" */;
			buildPhases = (
				2279B84A2264E479001EEAB0 /* Sources */,
				2279B84B2264E479001EEAB0 /* Frameworks */,
				2279B84C2264E479001EEAB0 /* Resources */,
			);
			buildRules = (
			);
			dependencies = (
			);
			name = "SampleApp-macOS";
			productName = "SampleApp-macOS";
			productReference = 2279B84E2264E479001EEAB0 /* SampleApp-macOS.app */;
			productType = "com.apple.product-type.application";
		};
		2279B8B72264EA89001EEAB0 /* Advance-UnitTests-iOS */ = {
			isa = PBXNativeTarget;
			buildConfigurationList = 2279B8C02264EA89001EEAB0 /* Build configuration list for PBXNativeTarget "Advance-UnitTests-iOS" */;
			buildPhases = (
				2279B8B42264EA89001EEAB0 /* Sources */,
				2279B8B52264EA89001EEAB0 /* Frameworks */,
				2279B8B62264EA89001EEAB0 /* Resources */,
			);
			buildRules = (
			);
			dependencies = (
				2279B8BF2264EA89001EEAB0 /* PBXTargetDependency */,
			);
			name = "Advance-UnitTests-iOS";
			productName = "Advance-UnitTests-iOS";
			productReference = 2279B8B82264EA89001EEAB0 /* Advance-UnitTests-iOS.xctest */;
			productType = "com.apple.product-type.bundle.unit-test";
		};
		2279B8DA2264EB73001EEAB0 /* Advance-UnitTests-tvOS */ = {
			isa = PBXNativeTarget;
			buildConfigurationList = 2279B8E32264EB73001EEAB0 /* Build configuration list for PBXNativeTarget "Advance-UnitTests-tvOS" */;
			buildPhases = (
				2279B8D72264EB73001EEAB0 /* Sources */,
				2279B8D82264EB73001EEAB0 /* Frameworks */,
				2279B8D92264EB73001EEAB0 /* Resources */,
			);
			buildRules = (
			);
			dependencies = (
				2279B8E22264EB73001EEAB0 /* PBXTargetDependency */,
			);
			name = "Advance-UnitTests-tvOS";
			productName = "Advance-UnitTests-tvOS";
			productReference = 2279B8DB2264EB73001EEAB0 /* Advance-UnitTests-tvOS.xctest */;
			productType = "com.apple.product-type.bundle.unit-test";
		};
		2279B8F92264EC15001EEAB0 /* Advance-UnitTests-macOS */ = {
			isa = PBXNativeTarget;
			buildConfigurationList = 2279B9022264EC15001EEAB0 /* Build configuration list for PBXNativeTarget "Advance-UnitTests-macOS" */;
			buildPhases = (
				2279B8F62264EC15001EEAB0 /* Sources */,
				2279B8F72264EC15001EEAB0 /* Frameworks */,
				2279B8F82264EC15001EEAB0 /* Resources */,
			);
			buildRules = (
			);
			dependencies = (
				2279B9012264EC15001EEAB0 /* PBXTargetDependency */,
			);
			name = "Advance-UnitTests-macOS";
			productName = "Advance-UnitTests-macOS";
			productReference = 2279B8FA2264EC15001EEAB0 /* Advance-UnitTests-macOS.xctest */;
			productType = "com.apple.product-type.bundle.unit-test";
		};
		22A4664522063B0400C0FEA1 /* Advance-macOS */ = {
			isa = PBXNativeTarget;
			buildConfigurationList = 22A4664E22063B0400C0FEA1 /* Build configuration list for PBXNativeTarget "Advance-macOS" */;
			buildPhases = (
				22A4664122063B0400C0FEA1 /* Headers */,
				22A4664222063B0400C0FEA1 /* Sources */,
				22A4664322063B0400C0FEA1 /* Frameworks */,
				22A4664422063B0400C0FEA1 /* Resources */,
			);
			buildRules = (
			);
			dependencies = (
			);
			name = "Advance-macOS";
			productName = Advance;
			productReference = 22A4664622063B0400C0FEA1 /* Advance.framework */;
			productType = "com.apple.product-type.framework";
		};
		22A4665522063B4B00C0FEA1 /* Advance-iOS */ = {
			isa = PBXNativeTarget;
			buildConfigurationList = 22A4665B22063B4B00C0FEA1 /* Build configuration list for PBXNativeTarget "Advance-iOS" */;
			buildPhases = (
				22A4665122063B4B00C0FEA1 /* Headers */,
				22A4665222063B4B00C0FEA1 /* Sources */,
				22A4665322063B4B00C0FEA1 /* Frameworks */,
				22A4665422063B4B00C0FEA1 /* Resources */,
			);
			buildRules = (
			);
			dependencies = (
			);
			name = "Advance-iOS";
			productName = "Advance-iOS";
			productReference = 22A4665622063B4B00C0FEA1 /* Advance.framework */;
			productType = "com.apple.product-type.framework";
		};
		22A4666222063B6400C0FEA1 /* Advance-tvOS */ = {
			isa = PBXNativeTarget;
			buildConfigurationList = 22A4666822063B6400C0FEA1 /* Build configuration list for PBXNativeTarget "Advance-tvOS" */;
			buildPhases = (
				22A4665E22063B6400C0FEA1 /* Headers */,
				22A4665F22063B6400C0FEA1 /* Sources */,
				22A4666022063B6400C0FEA1 /* Frameworks */,
				22A4666122063B6400C0FEA1 /* Resources */,
			);
			buildRules = (
			);
			dependencies = (
			);
			name = "Advance-tvOS";
			productName = "Advance-tvOS";
			productReference = 22A4666322063B6400C0FEA1 /* Advance.framework */;
			productType = "com.apple.product-type.framework";
		};
/* End PBXNativeTarget section */

/* Begin PBXProject section */
		22A4663D22063B0400C0FEA1 /* Project object */ = {
			isa = PBXProject;
			attributes = {
				LastSwiftUpdateCheck = 1020;
				LastUpgradeCheck = 1020;
				ORGANIZATIONNAME = "Timothy Donnelly";
				TargetAttributes = {
					2279B8242264E42E001EEAB0 = {
						CreatedOnToolsVersion = 10.2;
					};
					2279B83A2264E453001EEAB0 = {
						CreatedOnToolsVersion = 10.2;
					};
					2279B84D2264E479001EEAB0 = {
						CreatedOnToolsVersion = 10.2;
						LastSwiftMigration = 1020;
					};
					2279B8B72264EA89001EEAB0 = {
						CreatedOnToolsVersion = 10.2;
					};
					2279B8DA2264EB73001EEAB0 = {
						CreatedOnToolsVersion = 10.2;
					};
					2279B8F92264EC15001EEAB0 = {
						CreatedOnToolsVersion = 10.2;
					};
					22A4664522063B0400C0FEA1 = {
						CreatedOnToolsVersion = 10.1;
					};
					22A4665522063B4B00C0FEA1 = {
						CreatedOnToolsVersion = 10.1;
					};
					22A4666222063B6400C0FEA1 = {
						CreatedOnToolsVersion = 10.1;
					};
				};
			};
			buildConfigurationList = 22A4664022063B0400C0FEA1 /* Build configuration list for PBXProject "Advance" */;
			compatibilityVersion = "Xcode 9.3";
			developmentRegion = en;
			hasScannedForEncodings = 0;
			knownRegions = (
				en,
				Base,
			);
			mainGroup = 22A4663C22063B0400C0FEA1;
			productRefGroup = 22A4664722063B0400C0FEA1 /* Products */;
			projectDirPath = "";
			projectRoot = "";
			targets = (
				22A4664522063B0400C0FEA1 /* Advance-macOS */,
				22A4665522063B4B00C0FEA1 /* Advance-iOS */,
				22A4666222063B6400C0FEA1 /* Advance-tvOS */,
				2279B8242264E42E001EEAB0 /* SampleApp-iOS */,
				2279B83A2264E453001EEAB0 /* SampleApp-tvOS */,
				2279B84D2264E479001EEAB0 /* SampleApp-macOS */,
				2279B8B72264EA89001EEAB0 /* Advance-UnitTests-iOS */,
				2279B8DA2264EB73001EEAB0 /* Advance-UnitTests-tvOS */,
				2279B8F92264EC15001EEAB0 /* Advance-UnitTests-macOS */,
			);
		};
/* End PBXProject section */

/* Begin PBXResourcesBuildPhase section */
		2279B8232264E42E001EEAB0 /* Resources */ = {
			isa = PBXResourcesBuildPhase;
			buildActionMask = 2147483647;
			files = (
				2279B97822650ABA001EEAB0 /* Assets.xcassets in Resources */,
			);
			runOnlyForDeploymentPostprocessing = 0;
		};
		2279B8392264E453001EEAB0 /* Resources */ = {
			isa = PBXResourcesBuildPhase;
			buildActionMask = 2147483647;
			files = (
				2279B93E2265099F001EEAB0 /* Assets.xcassets in Resources */,
			);
			runOnlyForDeploymentPostprocessing = 0;
		};
		2279B84C2264E479001EEAB0 /* Resources */ = {
			isa = PBXResourcesBuildPhase;
			buildActionMask = 2147483647;
			files = (
				2279B97D2266262B001EEAB0 /* MainMenu.xib in Resources */,
			);
			runOnlyForDeploymentPostprocessing = 0;
		};
		2279B8B62264EA89001EEAB0 /* Resources */ = {
			isa = PBXResourcesBuildPhase;
			buildActionMask = 2147483647;
			files = (
			);
			runOnlyForDeploymentPostprocessing = 0;
		};
		2279B8D92264EB73001EEAB0 /* Resources */ = {
			isa = PBXResourcesBuildPhase;
			buildActionMask = 2147483647;
			files = (
			);
			runOnlyForDeploymentPostprocessing = 0;
		};
		2279B8F82264EC15001EEAB0 /* Resources */ = {
			isa = PBXResourcesBuildPhase;
			buildActionMask = 2147483647;
			files = (
			);
			runOnlyForDeploymentPostprocessing = 0;
		};
		22A4664422063B0400C0FEA1 /* Resources */ = {
			isa = PBXResourcesBuildPhase;
			buildActionMask = 2147483647;
			files = (
			);
			runOnlyForDeploymentPostprocessing = 0;
		};
		22A4665422063B4B00C0FEA1 /* Resources */ = {
			isa = PBXResourcesBuildPhase;
			buildActionMask = 2147483647;
			files = (
			);
			runOnlyForDeploymentPostprocessing = 0;
		};
		22A4666122063B6400C0FEA1 /* Resources */ = {
			isa = PBXResourcesBuildPhase;
			buildActionMask = 2147483647;
			files = (
			);
			runOnlyForDeploymentPostprocessing = 0;
		};
/* End PBXResourcesBuildPhase section */

/* Begin PBXSourcesBuildPhase section */
		2279B8212264E42E001EEAB0 /* Sources */ = {
			isa = PBXSourcesBuildPhase;
			buildActionMask = 2147483647;
			files = (
				2279B97122650AA9001EEAB0 /* GesturesViewController.swift in Sources */,
				2279B97522650AA9001EEAB0 /* BrowserViewController.swift in Sources */,
				2279B97222650AA9001EEAB0 /* DirectManipulationGestureRecognizer.swift in Sources */,
				2279B96B22650AA9001EEAB0 /* CoverView.swift in Sources */,
				2279B97322650AA9001EEAB0 /* BrowserView.swift in Sources */,
				2279B97422650AA9001EEAB0 /* SpringConfigurationView.swift in Sources */,
				2279B96C22650AA9001EEAB0 /* DecayViewController.swift in Sources */,
				2279B96A22650AA9001EEAB0 /* SpringsViewController.swift in Sources */,
				2279B97622650AA9001EEAB0 /* AppDelegate.swift in Sources */,
				2279B97022650AA9001EEAB0 /* SimpleTransform.swift in Sources */,
				2279B96D22650AA9001EEAB0 /* ActivityViewController.swift in Sources */,
				2279B97722650AA9001EEAB0 /* ActivityView.swift in Sources */,
				2279B96E22650AA9001EEAB0 /* DemoViewController.swift in Sources */,
				2279B96F22650AA9001EEAB0 /* SpringView.swift in Sources */,
			);
			runOnlyForDeploymentPostprocessing = 0;
		};
		2279B8372264E453001EEAB0 /* Sources */ = {
			isa = PBXSourcesBuildPhase;
			buildActionMask = 2147483647;
			files = (
				2279B93D2265097C001EEAB0 /* AppDelegate.swift in Sources */,
				2279B93C2265097C001EEAB0 /* ViewController.swift in Sources */,
			);
			runOnlyForDeploymentPostprocessing = 0;
		};
		2279B84A2264E479001EEAB0 /* Sources */ = {
			isa = PBXSourcesBuildPhase;
			buildActionMask = 2147483647;
			files = (
				2279B94B22650A1E001EEAB0 /* AppDelegate.swift in Sources */,
				2279B94922650A1E001EEAB0 /* SpringContainerView.swift in Sources */,
				2279B94A22650A1E001EEAB0 /* SpringView.swift in Sources */,
			);
			runOnlyForDeploymentPostprocessing = 0;
		};
		2279B8B42264EA89001EEAB0 /* Sources */ = {
			isa = PBXSourcesBuildPhase;
			buildActionMask = 2147483647;
			files = (
				2279B91C2264EE31001EEAB0 /* TimingFunctionTests.swift in Sources */,
				2279B91B2264EE31001EEAB0 /* AnimationTests.swift in Sources */,
				2279B9222264EE31001EEAB0 /* VectorConvenienceTests.swift in Sources */,
				2279B91D2264EE31001EEAB0 /* UnitBezierTests.swift in Sources */,
				2279B91E2264EE31001EEAB0 /* DisplayLinkTests.swift in Sources */,
			);
			runOnlyForDeploymentPostprocessing = 0;
		};
		2279B8D72264EB73001EEAB0 /* Sources */ = {
			isa = PBXSourcesBuildPhase;
			buildActionMask = 2147483647;
			files = (
				2279B9242264EE31001EEAB0 /* TimingFunctionTests.swift in Sources */,
				2279B9232264EE31001EEAB0 /* AnimationTests.swift in Sources */,
				2279B92A2264EE31001EEAB0 /* VectorConvenienceTests.swift in Sources */,
				2279B9252264EE31001EEAB0 /* UnitBezierTests.swift in Sources */,
				2279B9262264EE31001EEAB0 /* DisplayLinkTests.swift in Sources */,
			);
			runOnlyForDeploymentPostprocessing = 0;
		};
		2279B8F62264EC15001EEAB0 /* Sources */ = {
			isa = PBXSourcesBuildPhase;
			buildActionMask = 2147483647;
			files = (
				2279B92C2264EE32001EEAB0 /* TimingFunctionTests.swift in Sources */,
				2279B92B2264EE32001EEAB0 /* AnimationTests.swift in Sources */,
				2279B9322264EE32001EEAB0 /* VectorConvenienceTests.swift in Sources */,
				2279B92D2264EE32001EEAB0 /* UnitBezierTests.swift in Sources */,
				2279B92E2264EE32001EEAB0 /* DisplayLinkTests.swift in Sources */,
			);
			runOnlyForDeploymentPostprocessing = 0;
		};
		22A4664222063B0400C0FEA1 /* Sources */ = {
			isa = PBXSourcesBuildPhase;
			buildActionMask = 2147483647;
			files = (
				22A466FC22063CDD00C0FEA1 /* VectorConvertible.swift in Sources */,
				22A466A522063CDC00C0FEA1 /* Simulation.swift in Sources */,
				22A466F022063CDD00C0FEA1 /* SimulationFunction.swift in Sources */,
				22A4670B22063CDD00C0FEA1 /* TimingFunction.swift in Sources */,
				22A466AE22063CDC00C0FEA1 /* DisplayLink.swift in Sources */,
				22A466E422063CDD00C0FEA1 /* Animator.swift in Sources */,
				22A466F622063CDD00C0FEA1 /* SpringFunction.swift in Sources */,
				22A4670822063CDD00C0FEA1 /* UnitBezier.swift in Sources */,
				2236A0DF226648060026E213 /* Math.swift in Sources */,
				22A466F322063CDD00C0FEA1 /* DecayFunction.swift in Sources */,
				22A4670522063CDD00C0FEA1 /* Animation.swift in Sources */,
				2279B97A2265A4CA001EEAB0 /* Spring.swift in Sources */,
			);
			runOnlyForDeploymentPostprocessing = 0;
		};
		22A4665222063B4B00C0FEA1 /* Sources */ = {
			isa = PBXSourcesBuildPhase;
			buildActionMask = 2147483647;
			files = (
				22A466FD22063CDD00C0FEA1 /* VectorConvertible.swift in Sources */,
				22A466A622063CDC00C0FEA1 /* Simulation.swift in Sources */,
				22A466F122063CDD00C0FEA1 /* SimulationFunction.swift in Sources */,
				22A4670C22063CDD00C0FEA1 /* TimingFunction.swift in Sources */,
				22A466AF22063CDC00C0FEA1 /* DisplayLink.swift in Sources */,
				22A466E522063CDD00C0FEA1 /* Animator.swift in Sources */,
				22A466F722063CDD00C0FEA1 /* SpringFunction.swift in Sources */,
				22A4670922063CDD00C0FEA1 /* UnitBezier.swift in Sources */,
				2236A0E0226648060026E213 /* Math.swift in Sources */,
				22A466F422063CDD00C0FEA1 /* DecayFunction.swift in Sources */,
				22A4670622063CDD00C0FEA1 /* Animation.swift in Sources */,
				2279B97B2265A4CA001EEAB0 /* Spring.swift in Sources */,
			);
			runOnlyForDeploymentPostprocessing = 0;
		};
		22A4665F22063B6400C0FEA1 /* Sources */ = {
			isa = PBXSourcesBuildPhase;
			buildActionMask = 2147483647;
			files = (
				22A466FE22063CDD00C0FEA1 /* VectorConvertible.swift in Sources */,
				22A466A722063CDC00C0FEA1 /* Simulation.swift in Sources */,
				22A466F222063CDD00C0FEA1 /* SimulationFunction.swift in Sources */,
				22A4670D22063CDD00C0FEA1 /* TimingFunction.swift in Sources */,
				22A466B022063CDC00C0FEA1 /* DisplayLink.swift in Sources */,
				22A466E622063CDD00C0FEA1 /* Animator.swift in Sources */,
				22A466F822063CDD00C0FEA1 /* SpringFunction.swift in Sources */,
				22A4670A22063CDD00C0FEA1 /* UnitBezier.swift in Sources */,
				2236A0E1226648060026E213 /* Math.swift in Sources */,
				22A466F522063CDD00C0FEA1 /* DecayFunction.swift in Sources */,
				22A4670722063CDD00C0FEA1 /* Animation.swift in Sources */,
				2279B97C2265A4CA001EEAB0 /* Spring.swift in Sources */,
			);
			runOnlyForDeploymentPostprocessing = 0;
		};
/* End PBXSourcesBuildPhase section */

/* Begin PBXTargetDependency section */
		2279B8912264E5C8001EEAB0 /* PBXTargetDependency */ = {
			isa = PBXTargetDependency;
			target = 22A4665522063B4B00C0FEA1 /* Advance-iOS */;
			targetProxy = 2279B8902264E5C8001EEAB0 /* PBXContainerItemProxy */;
		};
		2279B8BF2264EA89001EEAB0 /* PBXTargetDependency */ = {
			isa = PBXTargetDependency;
			target = 22A4665522063B4B00C0FEA1 /* Advance-iOS */;
			targetProxy = 2279B8BE2264EA89001EEAB0 /* PBXContainerItemProxy */;
		};
		2279B8E22264EB73001EEAB0 /* PBXTargetDependency */ = {
			isa = PBXTargetDependency;
			target = 22A4666222063B6400C0FEA1 /* Advance-tvOS */;
			targetProxy = 2279B8E12264EB73001EEAB0 /* PBXContainerItemProxy */;
		};
		2279B9012264EC15001EEAB0 /* PBXTargetDependency */ = {
			isa = PBXTargetDependency;
			target = 22A4664522063B0400C0FEA1 /* Advance-macOS */;
			targetProxy = 2279B9002264EC15001EEAB0 /* PBXContainerItemProxy */;
		};
/* End PBXTargetDependency section */

/* Begin PBXVariantGroup section */
		2279B94522650A18001EEAB0 /* MainMenu.xib */ = {
			isa = PBXVariantGroup;
			children = (
				2279B94622650A18001EEAB0 /* Base */,
			);
			name = MainMenu.xib;
			sourceTree = "<group>";
		};
		2279B96722650AA3001EEAB0 /* LaunchScreen.storyboard */ = {
			isa = PBXVariantGroup;
			children = (
				2279B96822650AA3001EEAB0 /* Base */,
			);
			name = LaunchScreen.storyboard;
			sourceTree = "<group>";
		};
/* End PBXVariantGroup section */

/* Begin XCBuildConfiguration section */
		2279B8352264E42E001EEAB0 /* Debug */ = {
			isa = XCBuildConfiguration;
			buildSettings = {
				ALWAYS_EMBED_SWIFT_STANDARD_LIBRARIES = YES;
				ASSETCATALOG_COMPILER_APPICON_NAME = AppIcon;
				CODE_SIGN_IDENTITY = "iPhone Developer";
				CODE_SIGN_STYLE = Automatic;
				INFOPLIST_FILE = "$(SRCROOT)/Samples/SampleApp-iOS/Resources/Info.plist";
				IPHONEOS_DEPLOYMENT_TARGET = 12.2;
				LD_RUNPATH_SEARCH_PATHS = (
					"$(inherited)",
					"@executable_path/Frameworks",
				);
				PRODUCT_BUNDLE_IDENTIFIER = "com.tdonnelly.SampleApp-iOS";
				PRODUCT_NAME = "$(TARGET_NAME)";
				SDKROOT = iphoneos;
				SWIFT_VERSION = 5.0;
				TARGETED_DEVICE_FAMILY = "1,2";
			};
			name = Debug;
		};
		2279B8362264E42E001EEAB0 /* Release */ = {
			isa = XCBuildConfiguration;
			buildSettings = {
				ALWAYS_EMBED_SWIFT_STANDARD_LIBRARIES = YES;
				ASSETCATALOG_COMPILER_APPICON_NAME = AppIcon;
				CODE_SIGN_IDENTITY = "iPhone Developer";
				CODE_SIGN_STYLE = Automatic;
				INFOPLIST_FILE = "$(SRCROOT)/Samples/SampleApp-iOS/Resources/Info.plist";
				IPHONEOS_DEPLOYMENT_TARGET = 12.2;
				LD_RUNPATH_SEARCH_PATHS = (
					"$(inherited)",
					"@executable_path/Frameworks",
				);
				PRODUCT_BUNDLE_IDENTIFIER = "com.tdonnelly.SampleApp-iOS";
				PRODUCT_NAME = "$(TARGET_NAME)";
				SDKROOT = iphoneos;
				SWIFT_VERSION = 5.0;
				TARGETED_DEVICE_FAMILY = "1,2";
				VALIDATE_PRODUCT = YES;
			};
			name = Release;
		};
		2279B8482264E454001EEAB0 /* Debug */ = {
			isa = XCBuildConfiguration;
			buildSettings = {
				ASSETCATALOG_COMPILER_APPICON_NAME = "App Icon & Top Shelf Image";
				ASSETCATALOG_COMPILER_LAUNCHIMAGE_NAME = LaunchImage;
				CODE_SIGN_STYLE = Automatic;
				INFOPLIST_FILE = "$(SRCROOT)/Samples/SampleApp-tvOS/Resources/Info.plist";
				LD_RUNPATH_SEARCH_PATHS = (
					"$(inherited)",
					"@executable_path/Frameworks",
				);
				PRODUCT_BUNDLE_IDENTIFIER = "com.tdonnelly.SampleApp-tvOS";
				PRODUCT_NAME = "$(TARGET_NAME)";
				SDKROOT = appletvos;
				SWIFT_VERSION = 5.0;
				TARGETED_DEVICE_FAMILY = 3;
				TVOS_DEPLOYMENT_TARGET = 12.2;
			};
			name = Debug;
		};
		2279B8492264E454001EEAB0 /* Release */ = {
			isa = XCBuildConfiguration;
			buildSettings = {
				ASSETCATALOG_COMPILER_APPICON_NAME = "App Icon & Top Shelf Image";
				ASSETCATALOG_COMPILER_LAUNCHIMAGE_NAME = LaunchImage;
				CODE_SIGN_STYLE = Automatic;
				INFOPLIST_FILE = "$(SRCROOT)/Samples/SampleApp-tvOS/Resources/Info.plist";
				LD_RUNPATH_SEARCH_PATHS = (
					"$(inherited)",
					"@executable_path/Frameworks",
				);
				PRODUCT_BUNDLE_IDENTIFIER = "com.tdonnelly.SampleApp-tvOS";
				PRODUCT_NAME = "$(TARGET_NAME)";
				SDKROOT = appletvos;
				SWIFT_VERSION = 5.0;
				TARGETED_DEVICE_FAMILY = 3;
				TVOS_DEPLOYMENT_TARGET = 12.2;
				VALIDATE_PRODUCT = YES;
			};
			name = Release;
		};
		2279B85A2264E479001EEAB0 /* Debug */ = {
			isa = XCBuildConfiguration;
			buildSettings = {
				ASSETCATALOG_COMPILER_APPICON_NAME = AppIcon;
				CLANG_ENABLE_MODULES = YES;
				CODE_SIGN_IDENTITY = "-";
				CODE_SIGN_STYLE = Automatic;
				COMBINE_HIDPI_IMAGES = YES;
				INFOPLIST_FILE = "$(SRCROOT)/Samples/SampleApp-macOS/Resources/Info.plist";
				LD_RUNPATH_SEARCH_PATHS = (
					"$(inherited)",
					"@executable_path/../Frameworks",
				);
				PRODUCT_BUNDLE_IDENTIFIER = "com.tdonnelly.SampleApp-macOS";
				PRODUCT_NAME = "$(TARGET_NAME)";
				SWIFT_OPTIMIZATION_LEVEL = "-Onone";
				SWIFT_VERSION = 5.0;
			};
			name = Debug;
		};
		2279B85B2264E479001EEAB0 /* Release */ = {
			isa = XCBuildConfiguration;
			buildSettings = {
				ASSETCATALOG_COMPILER_APPICON_NAME = AppIcon;
				CLANG_ENABLE_MODULES = YES;
				CODE_SIGN_IDENTITY = "-";
				CODE_SIGN_STYLE = Automatic;
				COMBINE_HIDPI_IMAGES = YES;
				INFOPLIST_FILE = "$(SRCROOT)/Samples/SampleApp-macOS/Resources/Info.plist";
				LD_RUNPATH_SEARCH_PATHS = (
					"$(inherited)",
					"@executable_path/../Frameworks",
				);
				PRODUCT_BUNDLE_IDENTIFIER = "com.tdonnelly.SampleApp-macOS";
				PRODUCT_NAME = "$(TARGET_NAME)";
				SWIFT_VERSION = 5.0;
			};
			name = Release;
		};
		2279B8C12264EA89001EEAB0 /* Debug */ = {
			isa = XCBuildConfiguration;
			buildSettings = {
				CODE_SIGN_IDENTITY = "iPhone Developer";
				CODE_SIGN_STYLE = Automatic;
				INFOPLIST_FILE = "Tests/Resources/Info-iOS.plist";
				IPHONEOS_DEPLOYMENT_TARGET = 12.2;
				LD_RUNPATH_SEARCH_PATHS = (
					"$(inherited)",
					"@executable_path/Frameworks",
					"@loader_path/Frameworks",
				);
				PRODUCT_BUNDLE_IDENTIFIER = "com.tdonnelly.Advance-UnitTests-iOS";
				PRODUCT_NAME = "$(TARGET_NAME)";
				SDKROOT = iphoneos;
				SWIFT_VERSION = 5.0;
				TARGETED_DEVICE_FAMILY = "1,2";
			};
			name = Debug;
		};
		2279B8C22264EA89001EEAB0 /* Release */ = {
			isa = XCBuildConfiguration;
			buildSettings = {
				CODE_SIGN_IDENTITY = "iPhone Developer";
				CODE_SIGN_STYLE = Automatic;
				INFOPLIST_FILE = "Tests/Resources/Info-iOS.plist";
				IPHONEOS_DEPLOYMENT_TARGET = 12.2;
				LD_RUNPATH_SEARCH_PATHS = (
					"$(inherited)",
					"@executable_path/Frameworks",
					"@loader_path/Frameworks",
				);
				PRODUCT_BUNDLE_IDENTIFIER = "com.tdonnelly.Advance-UnitTests-iOS";
				PRODUCT_NAME = "$(TARGET_NAME)";
				SDKROOT = iphoneos;
				SWIFT_VERSION = 5.0;
				TARGETED_DEVICE_FAMILY = "1,2";
				VALIDATE_PRODUCT = YES;
			};
			name = Release;
		};
		2279B8E42264EB73001EEAB0 /* Debug */ = {
			isa = XCBuildConfiguration;
			buildSettings = {
				CODE_SIGN_STYLE = Automatic;
				INFOPLIST_FILE = "Tests/Resources/Info-tvOS.plist";
				LD_RUNPATH_SEARCH_PATHS = (
					"$(inherited)",
					"@executable_path/Frameworks",
					"@loader_path/Frameworks",
				);
				PRODUCT_BUNDLE_IDENTIFIER = "com.tdonnelly.Advance-UnitTests-tvOS";
				PRODUCT_NAME = "$(TARGET_NAME)";
				SDKROOT = appletvos;
				SWIFT_VERSION = 5.0;
				TARGETED_DEVICE_FAMILY = 3;
				TVOS_DEPLOYMENT_TARGET = 12.2;
			};
			name = Debug;
		};
		2279B8E52264EB73001EEAB0 /* Release */ = {
			isa = XCBuildConfiguration;
			buildSettings = {
				CODE_SIGN_STYLE = Automatic;
				INFOPLIST_FILE = "Tests/Resources/Info-tvOS.plist";
				LD_RUNPATH_SEARCH_PATHS = (
					"$(inherited)",
					"@executable_path/Frameworks",
					"@loader_path/Frameworks",
				);
				PRODUCT_BUNDLE_IDENTIFIER = "com.tdonnelly.Advance-UnitTests-tvOS";
				PRODUCT_NAME = "$(TARGET_NAME)";
				SDKROOT = appletvos;
				SWIFT_VERSION = 5.0;
				TARGETED_DEVICE_FAMILY = 3;
				TVOS_DEPLOYMENT_TARGET = 12.2;
				VALIDATE_PRODUCT = YES;
			};
			name = Release;
		};
		2279B9032264EC15001EEAB0 /* Debug */ = {
			isa = XCBuildConfiguration;
			buildSettings = {
				CODE_SIGN_IDENTITY = "-";
				CODE_SIGN_STYLE = Automatic;
				COMBINE_HIDPI_IMAGES = YES;
				INFOPLIST_FILE = "Tests/Resources/Info-macOS.plist";
				LD_RUNPATH_SEARCH_PATHS = (
					"$(inherited)",
					"@executable_path/../Frameworks",
					"@loader_path/../Frameworks",
				);
				PRODUCT_BUNDLE_IDENTIFIER = "com.tdonnelly.Advance-UnitTests-macOS";
				PRODUCT_NAME = "$(TARGET_NAME)";
				SWIFT_VERSION = 5.0;
			};
			name = Debug;
		};
		2279B9042264EC15001EEAB0 /* Release */ = {
			isa = XCBuildConfiguration;
			buildSettings = {
				CODE_SIGN_IDENTITY = "-";
				CODE_SIGN_STYLE = Automatic;
				COMBINE_HIDPI_IMAGES = YES;
				INFOPLIST_FILE = "Tests/Resources/Info-macOS.plist";
				LD_RUNPATH_SEARCH_PATHS = (
					"$(inherited)",
					"@executable_path/../Frameworks",
					"@loader_path/../Frameworks",
				);
				PRODUCT_BUNDLE_IDENTIFIER = "com.tdonnelly.Advance-UnitTests-macOS";
				PRODUCT_NAME = "$(TARGET_NAME)";
				SWIFT_VERSION = 5.0;
			};
			name = Release;
		};
		22A4664C22063B0400C0FEA1 /* Debug */ = {
			isa = XCBuildConfiguration;
			buildSettings = {
				ALWAYS_SEARCH_USER_PATHS = NO;
				CLANG_ANALYZER_NONNULL = YES;
				CLANG_ANALYZER_NUMBER_OBJECT_CONVERSION = YES_AGGRESSIVE;
				CLANG_CXX_LANGUAGE_STANDARD = "gnu++14";
				CLANG_CXX_LIBRARY = "libc++";
				CLANG_ENABLE_MODULES = YES;
				CLANG_ENABLE_OBJC_ARC = YES;
				CLANG_ENABLE_OBJC_WEAK = YES;
				CLANG_WARN_BLOCK_CAPTURE_AUTORELEASING = YES;
				CLANG_WARN_BOOL_CONVERSION = YES;
				CLANG_WARN_COMMA = YES;
				CLANG_WARN_CONSTANT_CONVERSION = YES;
				CLANG_WARN_DEPRECATED_OBJC_IMPLEMENTATIONS = YES;
				CLANG_WARN_DIRECT_OBJC_ISA_USAGE = YES_ERROR;
				CLANG_WARN_DOCUMENTATION_COMMENTS = YES;
				CLANG_WARN_EMPTY_BODY = YES;
				CLANG_WARN_ENUM_CONVERSION = YES;
				CLANG_WARN_INFINITE_RECURSION = YES;
				CLANG_WARN_INT_CONVERSION = YES;
				CLANG_WARN_NON_LITERAL_NULL_CONVERSION = YES;
				CLANG_WARN_OBJC_IMPLICIT_RETAIN_SELF = YES;
				CLANG_WARN_OBJC_LITERAL_CONVERSION = YES;
				CLANG_WARN_OBJC_ROOT_CLASS = YES_ERROR;
				CLANG_WARN_RANGE_LOOP_ANALYSIS = YES;
				CLANG_WARN_STRICT_PROTOTYPES = YES;
				CLANG_WARN_SUSPICIOUS_MOVE = YES;
				CLANG_WARN_UNGUARDED_AVAILABILITY = YES_AGGRESSIVE;
				CLANG_WARN_UNREACHABLE_CODE = YES;
				CLANG_WARN__DUPLICATE_METHOD_MATCH = YES;
				CODE_SIGN_IDENTITY = "Mac Developer";
				COPY_PHASE_STRIP = NO;
				CURRENT_PROJECT_VERSION = 1;
				DEBUG_INFORMATION_FORMAT = dwarf;
				ENABLE_STRICT_OBJC_MSGSEND = YES;
				ENABLE_TESTABILITY = YES;
				GCC_C_LANGUAGE_STANDARD = gnu11;
				GCC_DYNAMIC_NO_PIC = NO;
				GCC_NO_COMMON_BLOCKS = YES;
				GCC_OPTIMIZATION_LEVEL = 0;
				GCC_PREPROCESSOR_DEFINITIONS = (
					"DEBUG=1",
					"$(inherited)",
				);
				GCC_WARN_64_TO_32_BIT_CONVERSION = YES;
				GCC_WARN_ABOUT_RETURN_TYPE = YES_ERROR;
				GCC_WARN_UNDECLARED_SELECTOR = YES;
				GCC_WARN_UNINITIALIZED_AUTOS = YES_AGGRESSIVE;
				GCC_WARN_UNUSED_FUNCTION = YES;
				GCC_WARN_UNUSED_VARIABLE = YES;
				MACOSX_DEPLOYMENT_TARGET = 10.14;
				MTL_ENABLE_DEBUG_INFO = INCLUDE_SOURCE;
				MTL_FAST_MATH = YES;
				ONLY_ACTIVE_ARCH = YES;
				SDKROOT = macosx;
				SWIFT_ACTIVE_COMPILATION_CONDITIONS = DEBUG;
				SWIFT_OPTIMIZATION_LEVEL = "-Onone";
				VERSIONING_SYSTEM = "apple-generic";
				VERSION_INFO_PREFIX = "";
			};
			name = Debug;
		};
		22A4664D22063B0400C0FEA1 /* Release */ = {
			isa = XCBuildConfiguration;
			buildSettings = {
				ALWAYS_SEARCH_USER_PATHS = NO;
				CLANG_ANALYZER_NONNULL = YES;
				CLANG_ANALYZER_NUMBER_OBJECT_CONVERSION = YES_AGGRESSIVE;
				CLANG_CXX_LANGUAGE_STANDARD = "gnu++14";
				CLANG_CXX_LIBRARY = "libc++";
				CLANG_ENABLE_MODULES = YES;
				CLANG_ENABLE_OBJC_ARC = YES;
				CLANG_ENABLE_OBJC_WEAK = YES;
				CLANG_WARN_BLOCK_CAPTURE_AUTORELEASING = YES;
				CLANG_WARN_BOOL_CONVERSION = YES;
				CLANG_WARN_COMMA = YES;
				CLANG_WARN_CONSTANT_CONVERSION = YES;
				CLANG_WARN_DEPRECATED_OBJC_IMPLEMENTATIONS = YES;
				CLANG_WARN_DIRECT_OBJC_ISA_USAGE = YES_ERROR;
				CLANG_WARN_DOCUMENTATION_COMMENTS = YES;
				CLANG_WARN_EMPTY_BODY = YES;
				CLANG_WARN_ENUM_CONVERSION = YES;
				CLANG_WARN_INFINITE_RECURSION = YES;
				CLANG_WARN_INT_CONVERSION = YES;
				CLANG_WARN_NON_LITERAL_NULL_CONVERSION = YES;
				CLANG_WARN_OBJC_IMPLICIT_RETAIN_SELF = YES;
				CLANG_WARN_OBJC_LITERAL_CONVERSION = YES;
				CLANG_WARN_OBJC_ROOT_CLASS = YES_ERROR;
				CLANG_WARN_RANGE_LOOP_ANALYSIS = YES;
				CLANG_WARN_STRICT_PROTOTYPES = YES;
				CLANG_WARN_SUSPICIOUS_MOVE = YES;
				CLANG_WARN_UNGUARDED_AVAILABILITY = YES_AGGRESSIVE;
				CLANG_WARN_UNREACHABLE_CODE = YES;
				CLANG_WARN__DUPLICATE_METHOD_MATCH = YES;
				CODE_SIGN_IDENTITY = "Mac Developer";
				COPY_PHASE_STRIP = NO;
				CURRENT_PROJECT_VERSION = 1;
				DEBUG_INFORMATION_FORMAT = "dwarf-with-dsym";
				ENABLE_NS_ASSERTIONS = NO;
				ENABLE_STRICT_OBJC_MSGSEND = YES;
				GCC_C_LANGUAGE_STANDARD = gnu11;
				GCC_NO_COMMON_BLOCKS = YES;
				GCC_WARN_64_TO_32_BIT_CONVERSION = YES;
				GCC_WARN_ABOUT_RETURN_TYPE = YES_ERROR;
				GCC_WARN_UNDECLARED_SELECTOR = YES;
				GCC_WARN_UNINITIALIZED_AUTOS = YES_AGGRESSIVE;
				GCC_WARN_UNUSED_FUNCTION = YES;
				GCC_WARN_UNUSED_VARIABLE = YES;
				MACOSX_DEPLOYMENT_TARGET = 10.14;
				MTL_ENABLE_DEBUG_INFO = NO;
				MTL_FAST_MATH = YES;
				SDKROOT = macosx;
				SWIFT_COMPILATION_MODE = wholemodule;
				SWIFT_OPTIMIZATION_LEVEL = "-O";
				VERSIONING_SYSTEM = "apple-generic";
				VERSION_INFO_PREFIX = "";
			};
			name = Release;
		};
		22A4664F22063B0400C0FEA1 /* Debug */ = {
			isa = XCBuildConfiguration;
			buildSettings = {
				CODE_SIGN_IDENTITY = "";
				CODE_SIGN_STYLE = Automatic;
				COMBINE_HIDPI_IMAGES = YES;
				DEFINES_MODULE = YES;
				DEVELOPMENT_TEAM = "";
				DYLIB_COMPATIBILITY_VERSION = 1;
				DYLIB_CURRENT_VERSION = 1;
				DYLIB_INSTALL_NAME_BASE = "@rpath";
				FRAMEWORK_VERSION = A;
				INFOPLIST_FILE = "$(SRCROOT)/Resources/Info.plist";
				INSTALL_PATH = "$(LOCAL_LIBRARY_DIR)/Frameworks";
				LD_RUNPATH_SEARCH_PATHS = (
					"$(inherited)",
					"@executable_path/../Frameworks",
					"@loader_path/Frameworks",
				);
				MACOSX_DEPLOYMENT_TARGET = 10.12;
				PRODUCT_BUNDLE_IDENTIFIER = "com.tdonnelly.Advance-macOS";
				PRODUCT_NAME = Advance;
				SKIP_INSTALL = YES;
				SWIFT_VERSION = 5.0;
			};
			name = Debug;
		};
		22A4665022063B0400C0FEA1 /* Release */ = {
			isa = XCBuildConfiguration;
			buildSettings = {
				CODE_SIGN_IDENTITY = "";
				CODE_SIGN_STYLE = Automatic;
				COMBINE_HIDPI_IMAGES = YES;
				DEFINES_MODULE = YES;
				DEVELOPMENT_TEAM = "";
				DYLIB_COMPATIBILITY_VERSION = 1;
				DYLIB_CURRENT_VERSION = 1;
				DYLIB_INSTALL_NAME_BASE = "@rpath";
				FRAMEWORK_VERSION = A;
				INFOPLIST_FILE = "$(SRCROOT)/Resources/Info.plist";
				INSTALL_PATH = "$(LOCAL_LIBRARY_DIR)/Frameworks";
				LD_RUNPATH_SEARCH_PATHS = (
					"$(inherited)",
					"@executable_path/../Frameworks",
					"@loader_path/Frameworks",
				);
				MACOSX_DEPLOYMENT_TARGET = 10.12;
				PRODUCT_BUNDLE_IDENTIFIER = "com.tdonnelly.Advance-macOS";
				PRODUCT_NAME = Advance;
				SKIP_INSTALL = YES;
				SWIFT_VERSION = 5.0;
			};
			name = Release;
		};
		22A4665C22063B4B00C0FEA1 /* Debug */ = {
			isa = XCBuildConfiguration;
			buildSettings = {
				CODE_SIGN_IDENTITY = "";
				CODE_SIGN_STYLE = Automatic;
				DEFINES_MODULE = YES;
				DEVELOPMENT_TEAM = "";
				DYLIB_COMPATIBILITY_VERSION = 1;
				DYLIB_CURRENT_VERSION = 1;
				DYLIB_INSTALL_NAME_BASE = "@rpath";
				INFOPLIST_FILE = "$(SRCROOT)/Resources/Info.plist";
				INSTALL_PATH = "$(LOCAL_LIBRARY_DIR)/Frameworks";
				IPHONEOS_DEPLOYMENT_TARGET = 10.0;
				LD_RUNPATH_SEARCH_PATHS = (
					"$(inherited)",
					"@executable_path/Frameworks",
					"@loader_path/Frameworks",
				);
				PRODUCT_BUNDLE_IDENTIFIER = "com.tdonnelly.Advance-iOS";
				PRODUCT_NAME = Advance;
				SDKROOT = iphoneos;
				SKIP_INSTALL = YES;
				SWIFT_VERSION = 5.0;
				TARGETED_DEVICE_FAMILY = "1,2";
			};
			name = Debug;
		};
		22A4665D22063B4B00C0FEA1 /* Release */ = {
			isa = XCBuildConfiguration;
			buildSettings = {
				CODE_SIGN_IDENTITY = "";
				CODE_SIGN_STYLE = Automatic;
				DEFINES_MODULE = YES;
				DEVELOPMENT_TEAM = "";
				DYLIB_COMPATIBILITY_VERSION = 1;
				DYLIB_CURRENT_VERSION = 1;
				DYLIB_INSTALL_NAME_BASE = "@rpath";
				INFOPLIST_FILE = "$(SRCROOT)/Resources/Info.plist";
				INSTALL_PATH = "$(LOCAL_LIBRARY_DIR)/Frameworks";
				IPHONEOS_DEPLOYMENT_TARGET = 10.0;
				LD_RUNPATH_SEARCH_PATHS = (
					"$(inherited)",
					"@executable_path/Frameworks",
					"@loader_path/Frameworks",
				);
				PRODUCT_BUNDLE_IDENTIFIER = "com.tdonnelly.Advance-iOS";
				PRODUCT_NAME = Advance;
				SDKROOT = iphoneos;
				SKIP_INSTALL = YES;
				SWIFT_VERSION = 5.0;
				TARGETED_DEVICE_FAMILY = "1,2";
				VALIDATE_PRODUCT = YES;
			};
			name = Release;
		};
		22A4666922063B6400C0FEA1 /* Debug */ = {
			isa = XCBuildConfiguration;
			buildSettings = {
				CODE_SIGN_IDENTITY = "";
				CODE_SIGN_STYLE = Automatic;
				DEFINES_MODULE = YES;
				DEVELOPMENT_TEAM = "";
				DYLIB_COMPATIBILITY_VERSION = 1;
				DYLIB_CURRENT_VERSION = 1;
				DYLIB_INSTALL_NAME_BASE = "@rpath";
				INFOPLIST_FILE = "$(SRCROOT)/Resources/Info.plist";
				INSTALL_PATH = "$(LOCAL_LIBRARY_DIR)/Frameworks";
				LD_RUNPATH_SEARCH_PATHS = (
					"$(inherited)",
					"@executable_path/Frameworks",
					"@loader_path/Frameworks",
				);
				PRODUCT_BUNDLE_IDENTIFIER = "com.tdonnelly.Advance-tvOS";
				PRODUCT_NAME = Advance;
				SDKROOT = appletvos;
				SKIP_INSTALL = YES;
				SWIFT_VERSION = 5.0;
				TARGETED_DEVICE_FAMILY = 3;
				TVOS_DEPLOYMENT_TARGET = 10.0;
			};
			name = Debug;
		};
		22A4666A22063B6400C0FEA1 /* Release */ = {
			isa = XCBuildConfiguration;
			buildSettings = {
				CODE_SIGN_IDENTITY = "";
				CODE_SIGN_STYLE = Automatic;
				DEFINES_MODULE = YES;
				DEVELOPMENT_TEAM = "";
				DYLIB_COMPATIBILITY_VERSION = 1;
				DYLIB_CURRENT_VERSION = 1;
				DYLIB_INSTALL_NAME_BASE = "@rpath";
				INFOPLIST_FILE = "$(SRCROOT)/Resources/Info.plist";
				INSTALL_PATH = "$(LOCAL_LIBRARY_DIR)/Frameworks";
				LD_RUNPATH_SEARCH_PATHS = (
					"$(inherited)",
					"@executable_path/Frameworks",
					"@loader_path/Frameworks",
				);
				PRODUCT_BUNDLE_IDENTIFIER = "com.tdonnelly.Advance-tvOS";
				PRODUCT_NAME = Advance;
				SDKROOT = appletvos;
				SKIP_INSTALL = YES;
				SWIFT_VERSION = 5.0;
				TARGETED_DEVICE_FAMILY = 3;
				TVOS_DEPLOYMENT_TARGET = 10.0;
				VALIDATE_PRODUCT = YES;
			};
			name = Release;
		};
/* End XCBuildConfiguration section */

/* Begin XCConfigurationList section */
		2279B8342264E42E001EEAB0 /* Build configuration list for PBXNativeTarget "SampleApp-iOS" */ = {
			isa = XCConfigurationList;
			buildConfigurations = (
				2279B8352264E42E001EEAB0 /* Debug */,
				2279B8362264E42E001EEAB0 /* Release */,
			);
			defaultConfigurationIsVisible = 0;
			defaultConfigurationName = Release;
		};
		2279B8472264E454001EEAB0 /* Build configuration list for PBXNativeTarget "SampleApp-tvOS" */ = {
			isa = XCConfigurationList;
			buildConfigurations = (
				2279B8482264E454001EEAB0 /* Debug */,
				2279B8492264E454001EEAB0 /* Release */,
			);
			defaultConfigurationIsVisible = 0;
			defaultConfigurationName = Release;
		};
		2279B8592264E479001EEAB0 /* Build configuration list for PBXNativeTarget "SampleApp-macOS" */ = {
			isa = XCConfigurationList;
			buildConfigurations = (
				2279B85A2264E479001EEAB0 /* Debug */,
				2279B85B2264E479001EEAB0 /* Release */,
			);
			defaultConfigurationIsVisible = 0;
			defaultConfigurationName = Release;
		};
		2279B8C02264EA89001EEAB0 /* Build configuration list for PBXNativeTarget "Advance-UnitTests-iOS" */ = {
			isa = XCConfigurationList;
			buildConfigurations = (
				2279B8C12264EA89001EEAB0 /* Debug */,
				2279B8C22264EA89001EEAB0 /* Release */,
			);
			defaultConfigurationIsVisible = 0;
			defaultConfigurationName = Release;
		};
		2279B8E32264EB73001EEAB0 /* Build configuration list for PBXNativeTarget "Advance-UnitTests-tvOS" */ = {
			isa = XCConfigurationList;
			buildConfigurations = (
				2279B8E42264EB73001EEAB0 /* Debug */,
				2279B8E52264EB73001EEAB0 /* Release */,
			);
			defaultConfigurationIsVisible = 0;
			defaultConfigurationName = Release;
		};
		2279B9022264EC15001EEAB0 /* Build configuration list for PBXNativeTarget "Advance-UnitTests-macOS" */ = {
			isa = XCConfigurationList;
			buildConfigurations = (
				2279B9032264EC15001EEAB0 /* Debug */,
				2279B9042264EC15001EEAB0 /* Release */,
			);
			defaultConfigurationIsVisible = 0;
			defaultConfigurationName = Release;
		};
		22A4664022063B0400C0FEA1 /* Build configuration list for PBXProject "Advance" */ = {
			isa = XCConfigurationList;
			buildConfigurations = (
				22A4664C22063B0400C0FEA1 /* Debug */,
				22A4664D22063B0400C0FEA1 /* Release */,
			);
			defaultConfigurationIsVisible = 0;
			defaultConfigurationName = Release;
		};
		22A4664E22063B0400C0FEA1 /* Build configuration list for PBXNativeTarget "Advance-macOS" */ = {
			isa = XCConfigurationList;
			buildConfigurations = (
				22A4664F22063B0400C0FEA1 /* Debug */,
				22A4665022063B0400C0FEA1 /* Release */,
			);
			defaultConfigurationIsVisible = 0;
			defaultConfigurationName = Release;
		};
		22A4665B22063B4B00C0FEA1 /* Build configuration list for PBXNativeTarget "Advance-iOS" */ = {
			isa = XCConfigurationList;
			buildConfigurations = (
				22A4665C22063B4B00C0FEA1 /* Debug */,
				22A4665D22063B4B00C0FEA1 /* Release */,
			);
			defaultConfigurationIsVisible = 0;
			defaultConfigurationName = Release;
		};
		22A4666822063B6400C0FEA1 /* Build configuration list for PBXNativeTarget "Advance-tvOS" */ = {
			isa = XCConfigurationList;
			buildConfigurations = (
				22A4666922063B6400C0FEA1 /* Debug */,
				22A4666A22063B6400C0FEA1 /* Release */,
			);
			defaultConfigurationIsVisible = 0;
			defaultConfigurationName = Release;
		};
/* End XCConfigurationList section */
	};
	rootObject = 22A4663D22063B0400C0FEA1 /* Project object */;
}
