PODS:
  - Advance (2.1.0)
  - Advance/Tests (2.1.0)

DEPENDENCIES:
  - Advance (from `../Advance.podspec`)
  - Advance/Tests (from `../Advance.podspec`)

EXTERNAL SOURCES:
  Advance:
    :path: "../Advance.podspec"

SPEC CHECKSUMS:
  Advance: 53770560381b96a8525032590b36c1421943f037

PODFILE CHECKSUM: 47bc775798b67a5637081a07c5c3ae22fe887b80

COCOAPODS: 1.6.0.beta.1
