// !$*UTF8*$!
{
	archiveVersion = 1;
	classes = {
	};
	objectVersion = 46;
	objects = {

/* Begin PBXBuildFile section */
		2212A2F11C82702500BB79F4 /* ActivityView.swift in Sources */ = {isa = PBXBuildFile; fileRef = 2212A2F01C82702500BB79F4 /* ActivityView.swift */; };
		22142E651C810D86000C6DEB /* ActivityViewController.swift in Sources */ = {isa = PBXBuildFile; fileRef = 22142E641C810D86000C6DEB /* ActivityViewController.swift */; };
		222E211D1C7D4C300063FAA2 /* SimpleTransform.swift in Sources */ = {isa = PBXBuildFile; fileRef = 222E211C1C7D4C300063FAA2 /* SimpleTransform.swift */; };
		222E211F1C7D8CF00063FAA2 /* SpringConfigurationView.swift in Sources */ = {isa = PBXBuildFile; fileRef = 222E211E1C7D8CF00063FAA2 /* SpringConfigurationView.swift */; };
		222E21211C7E44660063FAA2 /* BrowserViewController.swift in Sources */ = {isa = PBXBuildFile; fileRef = 222E21201C7E44660063FAA2 /* BrowserViewController.swift */; };
		222E21231C7E448D0063FAA2 /* DemoViewController.swift in Sources */ = {isa = PBXBuildFile; fileRef = 222E21221C7E448D0063FAA2 /* DemoViewController.swift */; };
		222E21251C7E45420063FAA2 /* BrowserView.swift in Sources */ = {isa = PBXBuildFile; fileRef = 222E21241C7E45420063FAA2 /* BrowserView.swift */; };
		22319B721C8110A300D4E027 /* CoverView.swift in Sources */ = {isa = PBXBuildFile; fileRef = 22319B711C8110A300D4E027 /* CoverView.swift */; };
		223E49731C76C9430048CAB6 /* SpringsViewController.swift in Sources */ = {isa = PBXBuildFile; fileRef = 223E49721C76C9430048CAB6 /* SpringsViewController.swift */; };
		223E49751C76C9510048CAB6 /* SpringView.swift in Sources */ = {isa = PBXBuildFile; fileRef = 223E49741C76C9510048CAB6 /* SpringView.swift */; };
		228E20891C9CBA490058ADA1 /* AppDelegate.swift in Sources */ = {isa = PBXBuildFile; fileRef = 228E20881C9CBA490058ADA1 /* AppDelegate.swift */; };
		228E208B1C9CBA490058ADA1 /* ViewController.swift in Sources */ = {isa = PBXBuildFile; fileRef = 228E208A1C9CBA490058ADA1 /* ViewController.swift */; };
		228E20901C9CBA490058ADA1 /* Assets.xcassets in Resources */ = {isa = PBXBuildFile; fileRef = 228E208F1C9CBA490058ADA1 /* Assets.xcassets */; };
		229740CD203B69CC00BA6C63 /* DecayViewController.swift in Sources */ = {isa = PBXBuildFile; fileRef = 229740CA203B69CC00BA6C63 /* DecayViewController.swift */; };
		2299A6831C7D35FE009DE78C /* DirectManipulationGestureRecognizer.swift in Sources */ = {isa = PBXBuildFile; fileRef = 2299A6821C7D35FE009DE78C /* DirectManipulationGestureRecognizer.swift */; };
		22F74AA81C7674BB004C6E4C /* AppDelegate.swift in Sources */ = {isa = PBXBuildFile; fileRef = 22F74AA71C7674BB004C6E4C /* AppDelegate.swift */; };
		22F74AAF1C7674BB004C6E4C /* Assets.xcassets in Resources */ = {isa = PBXBuildFile; fileRef = 22F74AAE1C7674BB004C6E4C /* Assets.xcassets */; };
		22F74AB21C7674BB004C6E4C /* LaunchScreen.storyboard in Resources */ = {isa = PBXBuildFile; fileRef = 22F74AB01C7674BB004C6E4C /* LaunchScreen.storyboard */; };
		22F74AB81C76769C004C6E4C /* GesturesViewController.swift in Sources */ = {isa = PBXBuildFile; fileRef = 22F74AB71C76769C004C6E4C /* GesturesViewController.swift */; };
		37CE952453B0FFD7DFF4F5A0 /* Pods_SampleApp_iOS.framework in Frameworks */ = {isa = PBXBuildFile; fileRef = D522BD38BBC3A78B5782C741 /* Pods_SampleApp_iOS.framework */; };
		45BE9DB09DC40AD090189D16 /* Pods_SampleApp_macOS.framework in Frameworks */ = {isa = PBXBuildFile; fileRef = DF3011F308228126AAE80D02 /* Pods_SampleApp_macOS.framework */; };
		5D28A2D81C93757200E5A1E9 /* SpringView.swift in Sources */ = {isa = PBXBuildFile; fileRef = 5D28A2D71C93757200E5A1E9 /* SpringView.swift */; };
		5D28A2DA1C9378F000E5A1E9 /* SpringContainerView.swift in Sources */ = {isa = PBXBuildFile; fileRef = 5D28A2D91C9378F000E5A1E9 /* SpringContainerView.swift */; };
		5D3A2F6B1C92559B0071F08F /* AppDelegate.swift in Sources */ = {isa = PBXBuildFile; fileRef = 5D3A2F6A1C92559B0071F08F /* AppDelegate.swift */; };
		5D3A2F6D1C92559B0071F08F /* Assets.xcassets in Resources */ = {isa = PBXBuildFile; fileRef = 5D3A2F6C1C92559B0071F08F /* Assets.xcassets */; };
		5D3A2F701C92559B0071F08F /* MainMenu.xib in Resources */ = {isa = PBXBuildFile; fileRef = 5D3A2F6E1C92559B0071F08F /* MainMenu.xib */; };
		E5CD4A553108B206554DFD4E /* Pods_SampleApp_tvOS.framework in Frameworks */ = {isa = PBXBuildFile; fileRef = C87EA5E8C1B69599BDD73CE3 /* Pods_SampleApp_tvOS.framework */; };
/* End PBXBuildFile section */

/* Begin PBXCopyFilesBuildPhase section */
		22B8E9821C7713F40010EF5A /* CopyFiles */ = {
			isa = PBXCopyFilesBuildPhase;
			buildActionMask = 2147483647;
			dstPath = "";
			dstSubfolderSpec = 10;
			files = (
			);
			runOnlyForDeploymentPostprocessing = 0;
		};
		22DA152E1C9CBD0100A70551 /* Embed Frameworks */ = {
			isa = PBXCopyFilesBuildPhase;
			buildActionMask = 2147483647;
			dstPath = "";
			dstSubfolderSpec = 10;
			files = (
			);
			name = "Embed Frameworks";
			runOnlyForDeploymentPostprocessing = 0;
		};
		5D3A2F791C9255B30071F08F /* Embed Frameworks */ = {
			isa = PBXCopyFilesBuildPhase;
			buildActionMask = 2147483647;
			dstPath = "";
			dstSubfolderSpec = 10;
			files = (
			);
			name = "Embed Frameworks";
			runOnlyForDeploymentPostprocessing = 0;
		};
/* End PBXCopyFilesBuildPhase section */

/* Begin PBXFileReference section */
		168F4E25151F79AC17A87FB9 /* Pods-SampleApp-macOS.release.xcconfig */ = {isa = PBXFileReference; includeInIndex = 1; lastKnownFileType = text.xcconfig; name = "Pods-SampleApp-macOS.release.xcconfig"; path = "Pods/Target Support Files/Pods-SampleApp-macOS/Pods-SampleApp-macOS.release.xcconfig"; sourceTree = "<group>"; };
		2212A2F01C82702500BB79F4 /* ActivityView.swift */ = {isa = PBXFileReference; fileEncoding = 4; lastKnownFileType = sourcecode.swift; path = ActivityView.swift; sourceTree = "<group>"; };
		22142E641C810D86000C6DEB /* ActivityViewController.swift */ = {isa = PBXFileReference; fileEncoding = 4; lastKnownFileType = sourcecode.swift; path = ActivityViewController.swift; sourceTree = "<group>"; };
		222E211C1C7D4C300063FAA2 /* SimpleTransform.swift */ = {isa = PBXFileReference; fileEncoding = 4; lastKnownFileType = sourcecode.swift; path = SimpleTransform.swift; sourceTree = "<group>"; };
		222E211E1C7D8CF00063FAA2 /* SpringConfigurationView.swift */ = {isa = PBXFileReference; fileEncoding = 4; lastKnownFileType = sourcecode.swift; path = SpringConfigurationView.swift; sourceTree = "<group>"; };
		222E21201C7E44660063FAA2 /* BrowserViewController.swift */ = {isa = PBXFileReference; fileEncoding = 4; lastKnownFileType = sourcecode.swift; path = BrowserViewController.swift; sourceTree = "<group>"; };
		222E21221C7E448D0063FAA2 /* DemoViewController.swift */ = {isa = PBXFileReference; fileEncoding = 4; lastKnownFileType = sourcecode.swift; path = DemoViewController.swift; sourceTree = "<group>"; };
		222E21241C7E45420063FAA2 /* BrowserView.swift */ = {isa = PBXFileReference; fileEncoding = 4; lastKnownFileType = sourcecode.swift; path = BrowserView.swift; sourceTree = "<group>"; };
		22319B711C8110A300D4E027 /* CoverView.swift */ = {isa = PBXFileReference; fileEncoding = 4; lastKnownFileType = sourcecode.swift; path = CoverView.swift; sourceTree = "<group>"; };
		223E49721C76C9430048CAB6 /* SpringsViewController.swift */ = {isa = PBXFileReference; fileEncoding = 4; lastKnownFileType = sourcecode.swift; path = SpringsViewController.swift; sourceTree = "<group>"; };
		223E49741C76C9510048CAB6 /* SpringView.swift */ = {isa = PBXFileReference; fileEncoding = 4; lastKnownFileType = sourcecode.swift; path = SpringView.swift; sourceTree = "<group>"; };
		228E20861C9CBA490058ADA1 /* SampleApp-tvOS.app */ = {isa = PBXFileReference; explicitFileType = wrapper.application; includeInIndex = 0; path = "SampleApp-tvOS.app"; sourceTree = BUILT_PRODUCTS_DIR; };
		228E20881C9CBA490058ADA1 /* AppDelegate.swift */ = {isa = PBXFileReference; lastKnownFileType = sourcecode.swift; path = AppDelegate.swift; sourceTree = "<group>"; };
		228E208A1C9CBA490058ADA1 /* ViewController.swift */ = {isa = PBXFileReference; lastKnownFileType = sourcecode.swift; path = ViewController.swift; sourceTree = "<group>"; };
		228E208F1C9CBA490058ADA1 /* Assets.xcassets */ = {isa = PBXFileReference; lastKnownFileType = folder.assetcatalog; path = Assets.xcassets; sourceTree = "<group>"; };
		228E20911C9CBA490058ADA1 /* Info.plist */ = {isa = PBXFileReference; lastKnownFileType = text.plist.xml; path = Info.plist; sourceTree = "<group>"; };
		229740CA203B69CC00BA6C63 /* DecayViewController.swift */ = {isa = PBXFileReference; lastKnownFileType = sourcecode.swift; path = DecayViewController.swift; sourceTree = "<group>"; };
		2299A6821C7D35FE009DE78C /* DirectManipulationGestureRecognizer.swift */ = {isa = PBXFileReference; fileEncoding = 4; lastKnownFileType = sourcecode.swift; path = DirectManipulationGestureRecognizer.swift; sourceTree = "<group>"; };
		22F74AA51C7674BB004C6E4C /* SampleApp.app */ = {isa = PBXFileReference; explicitFileType = wrapper.application; includeInIndex = 0; path = SampleApp.app; sourceTree = BUILT_PRODUCTS_DIR; };
		22F74AA71C7674BB004C6E4C /* AppDelegate.swift */ = {isa = PBXFileReference; lastKnownFileType = sourcecode.swift; path = AppDelegate.swift; sourceTree = "<group>"; };
		22F74AAE1C7674BB004C6E4C /* Assets.xcassets */ = {isa = PBXFileReference; lastKnownFileType = folder.assetcatalog; path = Assets.xcassets; sourceTree = "<group>"; };
		22F74AB11C7674BB004C6E4C /* Base */ = {isa = PBXFileReference; lastKnownFileType = file.storyboard; name = Base; path = Base.lproj/LaunchScreen.storyboard; sourceTree = "<group>"; };
		22F74AB31C7674BB004C6E4C /* Info.plist */ = {isa = PBXFileReference; lastKnownFileType = text.plist.xml; path = Info.plist; sourceTree = "<group>"; };
		22F74AB71C76769C004C6E4C /* GesturesViewController.swift */ = {isa = PBXFileReference; fileEncoding = 4; lastKnownFileType = sourcecode.swift; path = GesturesViewController.swift; sourceTree = "<group>"; };
		2D4AB7E5F549E487073F9E97 /* Pods-SampleApp-iOS.distribution.xcconfig */ = {isa = PBXFileReference; includeInIndex = 1; lastKnownFileType = text.xcconfig; name = "Pods-SampleApp-iOS.distribution.xcconfig"; path = "Pods/Target Support Files/Pods-SampleApp-iOS/Pods-SampleApp-iOS.distribution.xcconfig"; sourceTree = "<group>"; };
		3A94E231E225C14139FC95C8 /* Pods-SampleApp-macOS.debug.xcconfig */ = {isa = PBXFileReference; includeInIndex = 1; lastKnownFileType = text.xcconfig; name = "Pods-SampleApp-macOS.debug.xcconfig"; path = "Pods/Target Support Files/Pods-SampleApp-macOS/Pods-SampleApp-macOS.debug.xcconfig"; sourceTree = "<group>"; };
		40601E6A89D632D9A4ACBA25 /* Pods-SampleApp-iOS.release.xcconfig */ = {isa = PBXFileReference; includeInIndex = 1; lastKnownFileType = text.xcconfig; name = "Pods-SampleApp-iOS.release.xcconfig"; path = "Pods/Target Support Files/Pods-SampleApp-iOS/Pods-SampleApp-iOS.release.xcconfig"; sourceTree = "<group>"; };
		5D28A2D71C93757200E5A1E9 /* SpringView.swift */ = {isa = PBXFileReference; fileEncoding = 4; lastKnownFileType = sourcecode.swift; path = SpringView.swift; sourceTree = "<group>"; };
		5D28A2D91C9378F000E5A1E9 /* SpringContainerView.swift */ = {isa = PBXFileReference; fileEncoding = 4; lastKnownFileType = sourcecode.swift; path = SpringContainerView.swift; sourceTree = "<group>"; };
		5D3A2F681C92559B0071F08F /* SampleApp-macOS.app */ = {isa = PBXFileReference; explicitFileType = wrapper.application; includeInIndex = 0; path = "SampleApp-macOS.app"; sourceTree = BUILT_PRODUCTS_DIR; };
		5D3A2F6A1C92559B0071F08F /* AppDelegate.swift */ = {isa = PBXFileReference; lastKnownFileType = sourcecode.swift; path = AppDelegate.swift; sourceTree = "<group>"; };
		5D3A2F6C1C92559B0071F08F /* Assets.xcassets */ = {isa = PBXFileReference; lastKnownFileType = folder.assetcatalog; path = Assets.xcassets; sourceTree = "<group>"; };
		5D3A2F6F1C92559B0071F08F /* Base */ = {isa = PBXFileReference; lastKnownFileType = file.xib; name = Base; path = Base.lproj/MainMenu.xib; sourceTree = "<group>"; };
		5D3A2F711C92559B0071F08F /* Info.plist */ = {isa = PBXFileReference; lastKnownFileType = text.plist.xml; path = Info.plist; sourceTree = "<group>"; };
		77D41E45A9AABC006DF9D203 /* Pods-SampleApp-tvOS.distribution.xcconfig */ = {isa = PBXFileReference; includeInIndex = 1; lastKnownFileType = text.xcconfig; name = "Pods-SampleApp-tvOS.distribution.xcconfig"; path = "Pods/Target Support Files/Pods-SampleApp-tvOS/Pods-SampleApp-tvOS.distribution.xcconfig"; sourceTree = "<group>"; };
		7B55A58B5CA05A46BB6E6345 /* Pods-SampleApp-iOS.debug.xcconfig */ = {isa = PBXFileReference; includeInIndex = 1; lastKnownFileType = text.xcconfig; name = "Pods-SampleApp-iOS.debug.xcconfig"; path = "Pods/Target Support Files/Pods-SampleApp-iOS/Pods-SampleApp-iOS.debug.xcconfig"; sourceTree = "<group>"; };
		AD6119D9B52CF315CF136D63 /* Pods-SampleApp-tvOS.release.xcconfig */ = {isa = PBXFileReference; includeInIndex = 1; lastKnownFileType = text.xcconfig; name = "Pods-SampleApp-tvOS.release.xcconfig"; path = "Pods/Target Support Files/Pods-SampleApp-tvOS/Pods-SampleApp-tvOS.release.xcconfig"; sourceTree = "<group>"; };
		C6B45367CF35E9D185E35522 /* Pods-SampleApp-tvOS.debug.xcconfig */ = {isa = PBXFileReference; includeInIndex = 1; lastKnownFileType = text.xcconfig; name = "Pods-SampleApp-tvOS.debug.xcconfig"; path = "Pods/Target Support Files/Pods-SampleApp-tvOS/Pods-SampleApp-tvOS.debug.xcconfig"; sourceTree = "<group>"; };
		C87EA5E8C1B69599BDD73CE3 /* Pods_SampleApp_tvOS.framework */ = {isa = PBXFileReference; explicitFileType = wrapper.framework; includeInIndex = 0; path = Pods_SampleApp_tvOS.framework; sourceTree = BUILT_PRODUCTS_DIR; };
		D522BD38BBC3A78B5782C741 /* Pods_SampleApp_iOS.framework */ = {isa = PBXFileReference; explicitFileType = wrapper.framework; includeInIndex = 0; path = Pods_SampleApp_iOS.framework; sourceTree = BUILT_PRODUCTS_DIR; };
		DF3011F308228126AAE80D02 /* Pods_SampleApp_macOS.framework */ = {isa = PBXFileReference; explicitFileType = wrapper.framework; includeInIndex = 0; path = Pods_SampleApp_macOS.framework; sourceTree = BUILT_PRODUCTS_DIR; };
		F858F63D950670A3B5112556 /* Pods-SampleApp-macOS.distribution.xcconfig */ = {isa = PBXFileReference; includeInIndex = 1; lastKnownFileType = text.xcconfig; name = "Pods-SampleApp-macOS.distribution.xcconfig"; path = "Pods/Target Support Files/Pods-SampleApp-macOS/Pods-SampleApp-macOS.distribution.xcconfig"; sourceTree = "<group>"; };
/* End PBXFileReference section */

/* Begin PBXFrameworksBuildPhase section */
		228E20831C9CBA490058ADA1 /* Frameworks */ = {
			isa = PBXFrameworksBuildPhase;
			buildActionMask = 2147483647;
			files = (
				E5CD4A553108B206554DFD4E /* Pods_SampleApp_tvOS.framework in Frameworks */,
			);
			runOnlyForDeploymentPostprocessing = 0;
		};
		22F74AA21C7674BB004C6E4C /* Frameworks */ = {
			isa = PBXFrameworksBuildPhase;
			buildActionMask = 2147483647;
			files = (
				37CE952453B0FFD7DFF4F5A0 /* Pods_SampleApp_iOS.framework in Frameworks */,
			);
			runOnlyForDeploymentPostprocessing = 0;
		};
		5D3A2F651C92559B0071F08F /* Frameworks */ = {
			isa = PBXFrameworksBuildPhase;
			buildActionMask = 2147483647;
			files = (
				45BE9DB09DC40AD090189D16 /* Pods_SampleApp_macOS.framework in Frameworks */,
			);
			runOnlyForDeploymentPostprocessing = 0;
		};
/* End PBXFrameworksBuildPhase section */

/* Begin PBXGroup section */
		22142E631C810D6C000C6DEB /* Activity */ = {
			isa = PBXGroup;
			children = (
				22142E641C810D86000C6DEB /* ActivityViewController.swift */,
				2212A2F01C82702500BB79F4 /* ActivityView.swift */,
			);
			name = Activity;
			sourceTree = "<group>";
		};
		223E49711C76C9350048CAB6 /* Springs */ = {
			isa = PBXGroup;
			children = (
				223E49721C76C9430048CAB6 /* SpringsViewController.swift */,
				222E211E1C7D8CF00063FAA2 /* SpringConfigurationView.swift */,
				223E49741C76C9510048CAB6 /* SpringView.swift */,
			);
			name = Springs;
			sourceTree = "<group>";
		};
		228E20871C9CBA490058ADA1 /* tvOS */ = {
			isa = PBXGroup;
			children = (
				228E20881C9CBA490058ADA1 /* AppDelegate.swift */,
				228E208A1C9CBA490058ADA1 /* ViewController.swift */,
				228E208F1C9CBA490058ADA1 /* Assets.xcassets */,
				228E20911C9CBA490058ADA1 /* Info.plist */,
			);
			path = tvOS;
			sourceTree = "<group>";
		};
		229740C9203B69AE00BA6C63 /* Decay */ = {
			isa = PBXGroup;
			children = (
				229740CA203B69CC00BA6C63 /* DecayViewController.swift */,
			);
			name = Decay;
			sourceTree = "<group>";
		};
		22F74AA61C7674BB004C6E4C /* iOS */ = {
			isa = PBXGroup;
			children = (
				229740C9203B69AE00BA6C63 /* Decay */,
				22142E631C810D6C000C6DEB /* Activity */,
				223E49711C76C9350048CAB6 /* Springs */,
				22F74AB91C767740004C6E4C /* Gestures */,
				22F74AA71C7674BB004C6E4C /* AppDelegate.swift */,
				222E21201C7E44660063FAA2 /* BrowserViewController.swift */,
				222E21241C7E45420063FAA2 /* BrowserView.swift */,
				222E21221C7E448D0063FAA2 /* DemoViewController.swift */,
				22319B711C8110A300D4E027 /* CoverView.swift */,
				22F74AAE1C7674BB004C6E4C /* Assets.xcassets */,
				22F74AB01C7674BB004C6E4C /* LaunchScreen.storyboard */,
				22F74AB31C7674BB004C6E4C /* Info.plist */,
			);
			path = iOS;
			sourceTree = "<group>";
		};
		22F74AB91C767740004C6E4C /* Gestures */ = {
			isa = PBXGroup;
			children = (
				22F74AB71C76769C004C6E4C /* GesturesViewController.swift */,
				2299A6821C7D35FE009DE78C /* DirectManipulationGestureRecognizer.swift */,
				222E211C1C7D4C300063FAA2 /* SimpleTransform.swift */,
			);
			name = Gestures;
			sourceTree = "<group>";
		};
		2E684956EC8987B17DBD5CBB /* Pods */ = {
			isa = PBXGroup;
			children = (
				7B55A58B5CA05A46BB6E6345 /* Pods-SampleApp-iOS.debug.xcconfig */,
				40601E6A89D632D9A4ACBA25 /* Pods-SampleApp-iOS.release.xcconfig */,
				2D4AB7E5F549E487073F9E97 /* Pods-SampleApp-iOS.distribution.xcconfig */,
				3A94E231E225C14139FC95C8 /* Pods-SampleApp-macOS.debug.xcconfig */,
				168F4E25151F79AC17A87FB9 /* Pods-SampleApp-macOS.release.xcconfig */,
				F858F63D950670A3B5112556 /* Pods-SampleApp-macOS.distribution.xcconfig */,
				C6B45367CF35E9D185E35522 /* Pods-SampleApp-tvOS.debug.xcconfig */,
				AD6119D9B52CF315CF136D63 /* Pods-SampleApp-tvOS.release.xcconfig */,
				77D41E45A9AABC006DF9D203 /* Pods-SampleApp-tvOS.distribution.xcconfig */,
			);
			name = Pods;
			sourceTree = "<group>";
		};
		398B8A986B06DC238ABB6559 /* Frameworks */ = {
			isa = PBXGroup;
			children = (
				D522BD38BBC3A78B5782C741 /* Pods_SampleApp_iOS.framework */,
				DF3011F308228126AAE80D02 /* Pods_SampleApp_macOS.framework */,
				C87EA5E8C1B69599BDD73CE3 /* Pods_SampleApp_tvOS.framework */,
			);
			name = Frameworks;
			sourceTree = "<group>";
		};
		5D39CED71C6E983100DFCF86 = {
			isa = PBXGroup;
			children = (
				97769078203A90CD001A7764 /* SampleApp */,
				5D39CEE21C6E983100DFCF86 /* Products */,
				2E684956EC8987B17DBD5CBB /* Pods */,
				398B8A986B06DC238ABB6559 /* Frameworks */,
			);
			sourceTree = "<group>";
		};
		5D39CEE21C6E983100DFCF86 /* Products */ = {
			isa = PBXGroup;
			children = (
				22F74AA51C7674BB004C6E4C /* SampleApp.app */,
				5D3A2F681C92559B0071F08F /* SampleApp-macOS.app */,
				228E20861C9CBA490058ADA1 /* SampleApp-tvOS.app */,
			);
			name = Products;
			sourceTree = "<group>";
		};
		5D3A2F691C92559B0071F08F /* macOS */ = {
			isa = PBXGroup;
			children = (
				5D3A2F6A1C92559B0071F08F /* AppDelegate.swift */,
				5D28A2D91C9378F000E5A1E9 /* SpringContainerView.swift */,
				5D28A2D71C93757200E5A1E9 /* SpringView.swift */,
				5D3A2F6C1C92559B0071F08F /* Assets.xcassets */,
				5D3A2F6E1C92559B0071F08F /* MainMenu.xib */,
				5D3A2F711C92559B0071F08F /* Info.plist */,
			);
			path = macOS;
			sourceTree = "<group>";
		};
		97769078203A90CD001A7764 /* SampleApp */ = {
			isa = PBXGroup;
			children = (
				22F74AA61C7674BB004C6E4C /* iOS */,
				5D3A2F691C92559B0071F08F /* macOS */,
				228E20871C9CBA490058ADA1 /* tvOS */,
			);
			name = SampleApp;
			path = Sources;
			sourceTree = "<group>";
		};
/* End PBXGroup section */

/* Begin PBXNativeTarget section */
		228E20851C9CBA490058ADA1 /* SampleApp-tvOS */ = {
			isa = PBXNativeTarget;
			buildConfigurationList = 228E20921C9CBA490058ADA1 /* Build configuration list for PBXNativeTarget "SampleApp-tvOS" */;
			buildPhases = (
				FD06958BB1B5DC0DB3FD3D9C /* [CP] Check Pods Manifest.lock */,
				228E20821C9CBA490058ADA1 /* Sources */,
				228E20831C9CBA490058ADA1 /* Frameworks */,
				228E20841C9CBA490058ADA1 /* Resources */,
				22DA152E1C9CBD0100A70551 /* Embed Frameworks */,
				26C59C78A09301271008453D /* [CP] Embed Pods Frameworks */,
			);
			buildRules = (
			);
			dependencies = (
			);
			name = "SampleApp-tvOS";
			productName = "AdvanceSample-tvOS";
			productReference = 228E20861C9CBA490058ADA1 /* SampleApp-tvOS.app */;
			productType = "com.apple.product-type.application";
		};
		22F74AA41C7674BB004C6E4C /* SampleApp-iOS */ = {
			isa = PBXNativeTarget;
			buildConfigurationList = 22F74AB61C7674BB004C6E4C /* Build configuration list for PBXNativeTarget "SampleApp-iOS" */;
			buildPhases = (
				1D4FE94C976DA6F5ADADB0F4 /* [CP] Check Pods Manifest.lock */,
				22F74AA11C7674BB004C6E4C /* Sources */,
				22F74AA21C7674BB004C6E4C /* Frameworks */,
				22F74AA31C7674BB004C6E4C /* Resources */,
				22B8E9821C7713F40010EF5A /* CopyFiles */,
				E0315CAEAB31BC8D82B72CB7 /* [CP] Embed Pods Frameworks */,
			);
			buildRules = (
			);
			dependencies = (
			);
			name = "SampleApp-iOS";
			productName = AnimationSample;
			productReference = 22F74AA51C7674BB004C6E4C /* SampleApp.app */;
			productType = "com.apple.product-type.application";
		};
		5D3A2F671C92559B0071F08F /* SampleApp-macOS */ = {
			isa = PBXNativeTarget;
			buildConfigurationList = 5D3A2F721C92559B0071F08F /* Build configuration list for PBXNativeTarget "SampleApp-macOS" */;
			buildPhases = (
				E528916D9B855CA2C6DDA3C8 /* [CP] Check Pods Manifest.lock */,
				5D3A2F641C92559B0071F08F /* Sources */,
				5D3A2F651C92559B0071F08F /* Frameworks */,
				5D3A2F661C92559B0071F08F /* Resources */,
				5D3A2F791C9255B30071F08F /* Embed Frameworks */,
				44D7269CE4E25D76A6D32A7C /* [CP] Embed Pods Frameworks */,
			);
			buildRules = (
			);
			dependencies = (
			);
			name = "SampleApp-macOS";
			productName = "AdvanceSample-OSX";
			productReference = 5D3A2F681C92559B0071F08F /* SampleApp-macOS.app */;
			productType = "com.apple.product-type.application";
		};
/* End PBXNativeTarget section */

/* Begin PBXProject section */
		5D39CED81C6E983100DFCF86 /* Project object */ = {
			isa = PBXProject;
			attributes = {
				LastSwiftUpdateCheck = 0730;
				LastUpgradeCheck = 0930;
				ORGANIZATIONNAME = "Storehouse Media Inc";
				TargetAttributes = {
					228E20851C9CBA490058ADA1 = {
						CreatedOnToolsVersion = 7.3;
					};
					22F74AA41C7674BB004C6E4C = {
						CreatedOnToolsVersion = 7.2.1;
						LastSwiftMigration = 1000;
					};
					5D3A2F671C92559B0071F08F = {
						CreatedOnToolsVersion = 7.2.1;
						LastSwiftMigration = 0800;
					};
				};
			};
			buildConfigurationList = 5D39CEDB1C6E983100DFCF86 /* Build configuration list for PBXProject "SampleApp" */;
			compatibilityVersion = "Xcode 3.2";
			developmentRegion = English;
			hasScannedForEncodings = 0;
			knownRegions = (
				en,
				Base,
			);
			mainGroup = 5D39CED71C6E983100DFCF86;
			productRefGroup = 5D39CEE21C6E983100DFCF86 /* Products */;
			projectDirPath = "";
			projectRoot = "";
			targets = (
				22F74AA41C7674BB004C6E4C /* SampleApp-iOS */,
				5D3A2F671C92559B0071F08F /* SampleApp-macOS */,
				228E20851C9CBA490058ADA1 /* SampleApp-tvOS */,
			);
		};
/* End PBXProject section */

/* Begin PBXResourcesBuildPhase section */
		228E20841C9CBA490058ADA1 /* Resources */ = {
			isa = PBXResourcesBuildPhase;
			buildActionMask = 2147483647;
			files = (
				228E20901C9CBA490058ADA1 /* Assets.xcassets in Resources */,
			);
			runOnlyForDeploymentPostprocessing = 0;
		};
		22F74AA31C7674BB004C6E4C /* Resources */ = {
			isa = PBXResourcesBuildPhase;
			buildActionMask = 2147483647;
			files = (
				22F74AB21C7674BB004C6E4C /* LaunchScreen.storyboard in Resources */,
				22F74AAF1C7674BB004C6E4C /* Assets.xcassets in Resources */,
			);
			runOnlyForDeploymentPostprocessing = 0;
		};
		5D3A2F661C92559B0071F08F /* Resources */ = {
			isa = PBXResourcesBuildPhase;
			buildActionMask = 2147483647;
			files = (
				5D3A2F6D1C92559B0071F08F /* Assets.xcassets in Resources */,
				5D3A2F701C92559B0071F08F /* MainMenu.xib in Resources */,
			);
			runOnlyForDeploymentPostprocessing = 0;
		};
/* End PBXResourcesBuildPhase section */

/* Begin PBXShellScriptBuildPhase section */
		1D4FE94C976DA6F5ADADB0F4 /* [CP] Check Pods Manifest.lock */ = {
			isa = PBXShellScriptBuildPhase;
			buildActionMask = 2147483647;
			files = (
			);
			inputFileListPaths = (
			);
			inputPaths = (
				"${PODS_PODFILE_DIR_PATH}/Podfile.lock",
				"${PODS_ROOT}/Manifest.lock",
			);
			name = "[CP] Check Pods Manifest.lock";
			outputFileListPaths = (
			);
			outputPaths = (
				"$(DERIVED_FILE_DIR)/Pods-SampleApp-iOS-checkManifestLockResult.txt",
			);
			runOnlyForDeploymentPostprocessing = 0;
			shellPath = /bin/sh;
			shellScript = "diff \"${PODS_PODFILE_DIR_PATH}/Podfile.lock\" \"${PODS_ROOT}/Manifest.lock\" > /dev/null\nif [ $? != 0 ] ; then\n    # print error to STDERR\n    echo \"error: The sandbox is not in sync with the Podfile.lock. Run 'pod install' or update your CocoaPods installation.\" >&2\n    exit 1\nfi\n# This output is used by Xcode 'outputs' to avoid re-running this script phase.\necho \"SUCCESS\" > \"${SCRIPT_OUTPUT_FILE_0}\"\n";
			showEnvVarsInLog = 0;
		};
		26C59C78A09301271008453D /* [CP] Embed Pods Frameworks */ = {
			isa = PBXShellScriptBuildPhase;
			buildActionMask = 2147483647;
			files = (
			);
			inputFileListPaths = (
			);
			inputPaths = (
				"${PODS_ROOT}/Target Support Files/Pods-SampleApp-tvOS/Pods-SampleApp-tvOS-frameworks.sh",
				"${BUILT_PRODUCTS_DIR}/Advance-tvOS/Advance.framework",
			);
			name = "[CP] Embed Pods Frameworks";
			outputFileListPaths = (
			);
			outputPaths = (
				"${TARGET_BUILD_DIR}/${FRAMEWORKS_FOLDER_PATH}/Advance.framework",
			);
			runOnlyForDeploymentPostprocessing = 0;
			shellPath = /bin/sh;
			shellScript = "\"${PODS_ROOT}/Target Support Files/Pods-SampleApp-tvOS/Pods-SampleApp-tvOS-frameworks.sh\"\n";
			showEnvVarsInLog = 0;
		};
		44D7269CE4E25D76A6D32A7C /* [CP] Embed Pods Frameworks */ = {
			isa = PBXShellScriptBuildPhase;
			buildActionMask = 2147483647;
			files = (
			);
			inputFileListPaths = (
			);
			inputPaths = (
				"${PODS_ROOT}/Target Support Files/Pods-SampleApp-macOS/Pods-SampleApp-macOS-frameworks.sh",
				"${BUILT_PRODUCTS_DIR}/Advance-macOS/Advance.framework",
			);
			name = "[CP] Embed Pods Frameworks";
			outputFileListPaths = (
			);
			outputPaths = (
				"${TARGET_BUILD_DIR}/${FRAMEWORKS_FOLDER_PATH}/Advance.framework",
			);
			runOnlyForDeploymentPostprocessing = 0;
			shellPath = /bin/sh;
			shellScript = "\"${PODS_ROOT}/Target Support Files/Pods-SampleApp-macOS/Pods-SampleApp-macOS-frameworks.sh\"\n";
			showEnvVarsInLog = 0;
		};
		E0315CAEAB31BC8D82B72CB7 /* [CP] Embed Pods Frameworks */ = {
			isa = PBXShellScriptBuildPhase;
			buildActionMask = 2147483647;
			files = (
			);
			inputFileListPaths = (
			);
			inputPaths = (
				"${PODS_ROOT}/Target Support Files/Pods-SampleApp-iOS/Pods-SampleApp-iOS-frameworks.sh",
				"${BUILT_PRODUCTS_DIR}/Advance-iOS/Advance.framework",
			);
			name = "[CP] Embed Pods Frameworks";
			outputFileListPaths = (
			);
			outputPaths = (
				"${TARGET_BUILD_DIR}/${FRAMEWORKS_FOLDER_PATH}/Advance.framework",
			);
			runOnlyForDeploymentPostprocessing = 0;
			shellPath = /bin/sh;
			shellScript = "\"${PODS_ROOT}/Target Support Files/Pods-SampleApp-iOS/Pods-SampleApp-iOS-frameworks.sh\"\n";
			showEnvVarsInLog = 0;
		};
		E528916D9B855CA2C6DDA3C8 /* [CP] Check Pods Manifest.lock */ = {
			isa = PBXShellScriptBuildPhase;
			buildActionMask = 2147483647;
			files = (
			);
			inputFileListPaths = (
			);
			inputPaths = (
				"${PODS_PODFILE_DIR_PATH}/Podfile.lock",
				"${PODS_ROOT}/Manifest.lock",
			);
			name = "[CP] Check Pods Manifest.lock";
			outputFileListPaths = (
			);
			outputPaths = (
				"$(DERIVED_FILE_DIR)/Pods-SampleApp-macOS-checkManifestLockResult.txt",
			);
			runOnlyForDeploymentPostprocessing = 0;
			shellPath = /bin/sh;
			shellScript = "diff \"${PODS_PODFILE_DIR_PATH}/Podfile.lock\" \"${PODS_ROOT}/Manifest.lock\" > /dev/null\nif [ $? != 0 ] ; then\n    # print error to STDERR\n    echo \"error: The sandbox is not in sync with the Podfile.lock. Run 'pod install' or update your CocoaPods installation.\" >&2\n    exit 1\nfi\n# This output is used by Xcode 'outputs' to avoid re-running this script phase.\necho \"SUCCESS\" > \"${SCRIPT_OUTPUT_FILE_0}\"\n";
			showEnvVarsInLog = 0;
		};
		FD06958BB1B5DC0DB3FD3D9C /* [CP] Check Pods Manifest.lock */ = {
			isa = PBXShellScriptBuildPhase;
			buildActionMask = 2147483647;
			files = (
			);
			inputFileListPaths = (
			);
			inputPaths = (
				"${PODS_PODFILE_DIR_PATH}/Podfile.lock",
				"${PODS_ROOT}/Manifest.lock",
			);
			name = "[CP] Check Pods Manifest.lock";
			outputFileListPaths = (
			);
			outputPaths = (
				"$(DERIVED_FILE_DIR)/Pods-SampleApp-tvOS-checkManifestLockResult.txt",
			);
			runOnlyForDeploymentPostprocessing = 0;
			shellPath = /bin/sh;
			shellScript = "diff \"${PODS_PODFILE_DIR_PATH}/Podfile.lock\" \"${PODS_ROOT}/Manifest.lock\" > /dev/null\nif [ $? != 0 ] ; then\n    # print error to STDERR\n    echo \"error: The sandbox is not in sync with the Podfile.lock. Run 'pod install' or update your CocoaPods installation.\" >&2\n    exit 1\nfi\n# This output is used by Xcode 'outputs' to avoid re-running this script phase.\necho \"SUCCESS\" > \"${SCRIPT_OUTPUT_FILE_0}\"\n";
			showEnvVarsInLog = 0;
		};
/* End PBXShellScriptBuildPhase section */

/* Begin PBXSourcesBuildPhase section */
		228E20821C9CBA490058ADA1 /* Sources */ = {
			isa = PBXSourcesBuildPhase;
			buildActionMask = 2147483647;
			files = (
				228E208B1C9CBA490058ADA1 /* ViewController.swift in Sources */,
				228E20891C9CBA490058ADA1 /* AppDelegate.swift in Sources */,
			);
			runOnlyForDeploymentPostprocessing = 0;
		};
		22F74AA11C7674BB004C6E4C /* Sources */ = {
			isa = PBXSourcesBuildPhase;
			buildActionMask = 2147483647;
			files = (
				223E49751C76C9510048CAB6 /* SpringView.swift in Sources */,
				222E21211C7E44660063FAA2 /* BrowserViewController.swift in Sources */,
				2299A6831C7D35FE009DE78C /* DirectManipulationGestureRecognizer.swift in Sources */,
				22F74AA81C7674BB004C6E4C /* AppDelegate.swift in Sources */,
				2212A2F11C82702500BB79F4 /* ActivityView.swift in Sources */,
				222E21251C7E45420063FAA2 /* BrowserView.swift in Sources */,
				222E211D1C7D4C300063FAA2 /* SimpleTransform.swift in Sources */,
				229740CD203B69CC00BA6C63 /* DecayViewController.swift in Sources */,
				22319B721C8110A300D4E027 /* CoverView.swift in Sources */,
				22142E651C810D86000C6DEB /* ActivityViewController.swift in Sources */,
				22F74AB81C76769C004C6E4C /* GesturesViewController.swift in Sources */,
				222E211F1C7D8CF00063FAA2 /* SpringConfigurationView.swift in Sources */,
				223E49731C76C9430048CAB6 /* SpringsViewController.swift in Sources */,
				222E21231C7E448D0063FAA2 /* DemoViewController.swift in Sources */,
			);
			runOnlyForDeploymentPostprocessing = 0;
		};
		5D3A2F641C92559B0071F08F /* Sources */ = {
			isa = PBXSourcesBuildPhase;
			buildActionMask = 2147483647;
			files = (
				5D28A2DA1C9378F000E5A1E9 /* SpringContainerView.swift in Sources */,
				5D3A2F6B1C92559B0071F08F /* AppDelegate.swift in Sources */,
				5D28A2D81C93757200E5A1E9 /* SpringView.swift in Sources */,
			);
			runOnlyForDeploymentPostprocessing = 0;
		};
/* End PBXSourcesBuildPhase section */

/* Begin PBXVariantGroup section */
		22F74AB01C7674BB004C6E4C /* LaunchScreen.storyboard */ = {
			isa = PBXVariantGroup;
			children = (
				22F74AB11C7674BB004C6E4C /* Base */,
			);
			name = LaunchScreen.storyboard;
			sourceTree = "<group>";
		};
		5D3A2F6E1C92559B0071F08F /* MainMenu.xib */ = {
			isa = PBXVariantGroup;
			children = (
				5D3A2F6F1C92559B0071F08F /* Base */,
			);
			name = MainMenu.xib;
			sourceTree = "<group>";
		};
/* End PBXVariantGroup section */

/* Begin XCBuildConfiguration section */
		228E20931C9CBA490058ADA1 /* Debug */ = {
			isa = XCBuildConfiguration;
			baseConfigurationReference = C6B45367CF35E9D185E35522 /* Pods-SampleApp-tvOS.debug.xcconfig */;
			buildSettings = {
				ASSETCATALOG_COMPILER_APPICON_NAME = "App Icon & Top Shelf Image";
				ASSETCATALOG_COMPILER_LAUNCHIMAGE_NAME = LaunchImage;
				CODE_SIGN_IDENTITY = "iPhone Developer";
				INFOPLIST_FILE = "$(SRCROOT)/Sources/tvOS/Info.plist";
				LD_RUNPATH_SEARCH_PATHS = "$(inherited) @executable_path/Frameworks";
				PRODUCT_BUNDLE_IDENTIFIER = "com.tdonnelly.SampleApp-tvOS";
				PRODUCT_NAME = "$(TARGET_NAME)";
				SDKROOT = appletvos;
				SWIFT_VERSION = 4.2;
				TARGETED_DEVICE_FAMILY = 3;
				TVOS_DEPLOYMENT_TARGET = 10.0;
			};
			name = Debug;
		};
		228E20941C9CBA490058ADA1 /* Release */ = {
			isa = XCBuildConfiguration;
			baseConfigurationReference = AD6119D9B52CF315CF136D63 /* Pods-SampleApp-tvOS.release.xcconfig */;
			buildSettings = {
				ASSETCATALOG_COMPILER_APPICON_NAME = "App Icon & Top Shelf Image";
				ASSETCATALOG_COMPILER_LAUNCHIMAGE_NAME = LaunchImage;
				CODE_SIGN_IDENTITY = "iPhone Developer";
				INFOPLIST_FILE = "$(SRCROOT)/Sources/tvOS/Info.plist";
				LD_RUNPATH_SEARCH_PATHS = "$(inherited) @executable_path/Frameworks";
				PRODUCT_BUNDLE_IDENTIFIER = "com.tdonnelly.SampleApp-tvOS";
				PRODUCT_NAME = "$(TARGET_NAME)";
				SDKROOT = appletvos;
				SWIFT_VERSION = 4.2;
				TARGETED_DEVICE_FAMILY = 3;
				TVOS_DEPLOYMENT_TARGET = 10.0;
			};
			name = Release;
		};
		22F74AB41C7674BB004C6E4C /* Debug */ = {
			isa = XCBuildConfiguration;
			baseConfigurationReference = 7B55A58B5CA05A46BB6E6345 /* Pods-SampleApp-iOS.debug.xcconfig */;
			buildSettings = {
				ASSETCATALOG_COMPILER_APPICON_NAME = AppIcon;
				CODE_SIGN_IDENTITY = "iPhone Developer";
				DEVELOPMENT_TEAM = "";
				INFOPLIST_FILE = "$(SRCROOT)/Sources/iOS/Info.plist";
				IPHONEOS_DEPLOYMENT_TARGET = 10.0;
				LD_RUNPATH_SEARCH_PATHS = "$(inherited) @executable_path/Frameworks";
				PRODUCT_BUNDLE_IDENTIFIER = "com.tdonnelly.SampleApp-iOS";
				PRODUCT_NAME = SampleApp;
				SWIFT_VERSION = 4.2;
			};
			name = Debug;
		};
		22F74AB51C7674BB004C6E4C /* Release */ = {
			isa = XCBuildConfiguration;
			baseConfigurationReference = 40601E6A89D632D9A4ACBA25 /* Pods-SampleApp-iOS.release.xcconfig */;
			buildSettings = {
				ASSETCATALOG_COMPILER_APPICON_NAME = AppIcon;
				CODE_SIGN_IDENTITY = "iPhone Developer";
				DEVELOPMENT_TEAM = "";
				INFOPLIST_FILE = "$(SRCROOT)/Sources/iOS/Info.plist";
				IPHONEOS_DEPLOYMENT_TARGET = 10.0;
				LD_RUNPATH_SEARCH_PATHS = "$(inherited) @executable_path/Frameworks";
				PRODUCT_BUNDLE_IDENTIFIER = "com.tdonnelly.SampleApp-iOS";
				PRODUCT_NAME = SampleApp;
				SWIFT_OPTIMIZATION_LEVEL = "-Owholemodule";
				SWIFT_VERSION = 4.2;
			};
			name = Release;
		};
		5D39CEF31C6E983100DFCF86 /* Debug */ = {
			isa = XCBuildConfiguration;
			buildSettings = {
				ALWAYS_SEARCH_USER_PATHS = NO;
				CLANG_ANALYZER_NONNULL = YES;
				CLANG_CXX_LANGUAGE_STANDARD = "gnu++0x";
				CLANG_CXX_LIBRARY = "libc++";
				CLANG_ENABLE_MODULES = YES;
				CLANG_ENABLE_OBJC_ARC = YES;
				CLANG_WARN_BLOCK_CAPTURE_AUTORELEASING = YES;
				CLANG_WARN_BOOL_CONVERSION = YES;
				CLANG_WARN_COMMA = YES;
				CLANG_WARN_CONSTANT_CONVERSION = YES;
				CLANG_WARN_DEPRECATED_OBJC_IMPLEMENTATIONS = YES;
				CLANG_WARN_DIRECT_OBJC_ISA_USAGE = YES_ERROR;
				CLANG_WARN_EMPTY_BODY = YES;
				CLANG_WARN_ENUM_CONVERSION = YES;
				CLANG_WARN_INFINITE_RECURSION = YES;
				CLANG_WARN_INT_CONVERSION = YES;
				CLANG_WARN_NON_LITERAL_NULL_CONVERSION = YES;
				CLANG_WARN_OBJC_IMPLICIT_RETAIN_SELF = YES;
				CLANG_WARN_OBJC_LITERAL_CONVERSION = YES;
				CLANG_WARN_OBJC_ROOT_CLASS = YES_ERROR;
				CLANG_WARN_RANGE_LOOP_ANALYSIS = YES;
				CLANG_WARN_STRICT_PROTOTYPES = YES;
				CLANG_WARN_SUSPICIOUS_MOVE = YES;
				CLANG_WARN_UNREACHABLE_CODE = YES;
				CLANG_WARN__DUPLICATE_METHOD_MATCH = YES;
				"CODE_SIGN_IDENTITY[sdk=iphoneos*]" = "iPhone Developer";
				COPY_PHASE_STRIP = NO;
				CURRENT_PROJECT_VERSION = 1;
				DEBUG_INFORMATION_FORMAT = dwarf;
				ENABLE_STRICT_OBJC_MSGSEND = YES;
				ENABLE_TESTABILITY = YES;
				GCC_C_LANGUAGE_STANDARD = gnu99;
				GCC_DYNAMIC_NO_PIC = NO;
				GCC_NO_COMMON_BLOCKS = YES;
				GCC_OPTIMIZATION_LEVEL = 0;
				GCC_PREPROCESSOR_DEFINITIONS = (
					"DEBUG=1",
					"$(inherited)",
				);
				GCC_WARN_64_TO_32_BIT_CONVERSION = YES;
				GCC_WARN_ABOUT_RETURN_TYPE = YES_ERROR;
				GCC_WARN_UNDECLARED_SELECTOR = YES;
				GCC_WARN_UNINITIALIZED_AUTOS = YES_AGGRESSIVE;
				GCC_WARN_UNUSED_FUNCTION = YES;
				GCC_WARN_UNUSED_VARIABLE = YES;
				IPHONEOS_DEPLOYMENT_TARGET = 9.3;
				MTL_ENABLE_DEBUG_INFO = YES;
				ONLY_ACTIVE_ARCH = YES;
				SDKROOT = iphoneos;
				SWIFT_OPTIMIZATION_LEVEL = "-Onone";
				SWIFT_VERSION = 4.0;
				VERSIONING_SYSTEM = "apple-generic";
				VERSION_INFO_PREFIX = "";
			};
			name = Debug;
		};
		5D39CEF41C6E983100DFCF86 /* Release */ = {
			isa = XCBuildConfiguration;
			buildSettings = {
				ALWAYS_SEARCH_USER_PATHS = NO;
				CLANG_ANALYZER_NONNULL = YES;
				CLANG_CXX_LANGUAGE_STANDARD = "gnu++0x";
				CLANG_CXX_LIBRARY = "libc++";
				CLANG_ENABLE_MODULES = YES;
				CLANG_ENABLE_OBJC_ARC = YES;
				CLANG_WARN_BLOCK_CAPTURE_AUTORELEASING = YES;
				CLANG_WARN_BOOL_CONVERSION = YES;
				CLANG_WARN_COMMA = YES;
				CLANG_WARN_CONSTANT_CONVERSION = YES;
				CLANG_WARN_DEPRECATED_OBJC_IMPLEMENTATIONS = YES;
				CLANG_WARN_DIRECT_OBJC_ISA_USAGE = YES_ERROR;
				CLANG_WARN_EMPTY_BODY = YES;
				CLANG_WARN_ENUM_CONVERSION = YES;
				CLANG_WARN_INFINITE_RECURSION = YES;
				CLANG_WARN_INT_CONVERSION = YES;
				CLANG_WARN_NON_LITERAL_NULL_CONVERSION = YES;
				CLANG_WARN_OBJC_IMPLICIT_RETAIN_SELF = YES;
				CLANG_WARN_OBJC_LITERAL_CONVERSION = YES;
				CLANG_WARN_OBJC_ROOT_CLASS = YES_ERROR;
				CLANG_WARN_RANGE_LOOP_ANALYSIS = YES;
				CLANG_WARN_STRICT_PROTOTYPES = YES;
				CLANG_WARN_SUSPICIOUS_MOVE = YES;
				CLANG_WARN_UNREACHABLE_CODE = YES;
				CLANG_WARN__DUPLICATE_METHOD_MATCH = YES;
				"CODE_SIGN_IDENTITY[sdk=iphoneos*]" = "iPhone Developer";
				COPY_PHASE_STRIP = NO;
				CURRENT_PROJECT_VERSION = 1;
				DEBUG_INFORMATION_FORMAT = "dwarf-with-dsym";
				ENABLE_NS_ASSERTIONS = NO;
				ENABLE_STRICT_OBJC_MSGSEND = YES;
				GCC_C_LANGUAGE_STANDARD = gnu99;
				GCC_NO_COMMON_BLOCKS = YES;
				GCC_WARN_64_TO_32_BIT_CONVERSION = YES;
				GCC_WARN_ABOUT_RETURN_TYPE = YES_ERROR;
				GCC_WARN_UNDECLARED_SELECTOR = YES;
				GCC_WARN_UNINITIALIZED_AUTOS = YES_AGGRESSIVE;
				GCC_WARN_UNUSED_FUNCTION = YES;
				GCC_WARN_UNUSED_VARIABLE = YES;
				IPHONEOS_DEPLOYMENT_TARGET = 9.3;
				MTL_ENABLE_DEBUG_INFO = NO;
				SDKROOT = iphoneos;
				SWIFT_OPTIMIZATION_LEVEL = "-Owholemodule";
				SWIFT_VERSION = 4.0;
				VALIDATE_PRODUCT = YES;
				VERSIONING_SYSTEM = "apple-generic";
				VERSION_INFO_PREFIX = "";
			};
			name = Release;
		};
		5D3A2F731C92559B0071F08F /* Debug */ = {
			isa = XCBuildConfiguration;
			baseConfigurationReference = 3A94E231E225C14139FC95C8 /* Pods-SampleApp-macOS.debug.xcconfig */;
			buildSettings = {
				ASSETCATALOG_COMPILER_APPICON_NAME = AppIcon;
				CODE_SIGN_IDENTITY = "-";
				COMBINE_HIDPI_IMAGES = YES;
				INFOPLIST_FILE = "$(SRCROOT)/Sources/macOS/Info.plist";
				LD_RUNPATH_SEARCH_PATHS = "$(inherited) @executable_path/../Frameworks";
				MACOSX_DEPLOYMENT_TARGET = 10.12;
				PRODUCT_BUNDLE_IDENTIFIER = "com.tdonnelly.SampleApp-macOS";
				PRODUCT_NAME = "$(TARGET_NAME)";
				SDKROOT = macosx;
				SWIFT_VERSION = 4.2;
			};
			name = Debug;
		};
		5D3A2F741C92559B0071F08F /* Release */ = {
			isa = XCBuildConfiguration;
			baseConfigurationReference = 168F4E25151F79AC17A87FB9 /* Pods-SampleApp-macOS.release.xcconfig */;
			buildSettings = {
				ASSETCATALOG_COMPILER_APPICON_NAME = AppIcon;
				CODE_SIGN_IDENTITY = "-";
				COMBINE_HIDPI_IMAGES = YES;
				INFOPLIST_FILE = "$(SRCROOT)/Sources/macOS/Info.plist";
				LD_RUNPATH_SEARCH_PATHS = "$(inherited) @executable_path/../Frameworks";
				MACOSX_DEPLOYMENT_TARGET = 10.12;
				PRODUCT_BUNDLE_IDENTIFIER = "com.tdonnelly.SampleApp-macOS";
				PRODUCT_NAME = "$(TARGET_NAME)";
				SDKROOT = macosx;
				SWIFT_VERSION = 4.2;
			};
			name = Release;
		};
		5DA6BF631CE54957009A68F0 /* Distribution */ = {
			isa = XCBuildConfiguration;
			buildSettings = {
				ALWAYS_SEARCH_USER_PATHS = NO;
				CLANG_ANALYZER_NONNULL = YES;
				CLANG_CXX_LANGUAGE_STANDARD = "gnu++0x";
				CLANG_CXX_LIBRARY = "libc++";
				CLANG_ENABLE_MODULES = YES;
				CLANG_ENABLE_OBJC_ARC = YES;
				CLANG_WARN_BLOCK_CAPTURE_AUTORELEASING = YES;
				CLANG_WARN_BOOL_CONVERSION = YES;
				CLANG_WARN_COMMA = YES;
				CLANG_WARN_CONSTANT_CONVERSION = YES;
				CLANG_WARN_DEPRECATED_OBJC_IMPLEMENTATIONS = YES;
				CLANG_WARN_DIRECT_OBJC_ISA_USAGE = YES_ERROR;
				CLANG_WARN_EMPTY_BODY = YES;
				CLANG_WARN_ENUM_CONVERSION = YES;
				CLANG_WARN_INFINITE_RECURSION = YES;
				CLANG_WARN_INT_CONVERSION = YES;
				CLANG_WARN_NON_LITERAL_NULL_CONVERSION = YES;
				CLANG_WARN_OBJC_IMPLICIT_RETAIN_SELF = YES;
				CLANG_WARN_OBJC_LITERAL_CONVERSION = YES;
				CLANG_WARN_OBJC_ROOT_CLASS = YES_ERROR;
				CLANG_WARN_RANGE_LOOP_ANALYSIS = YES;
				CLANG_WARN_STRICT_PROTOTYPES = YES;
				CLANG_WARN_SUSPICIOUS_MOVE = YES;
				CLANG_WARN_UNREACHABLE_CODE = YES;
				CLANG_WARN__DUPLICATE_METHOD_MATCH = YES;
				"CODE_SIGN_IDENTITY[sdk=iphoneos*]" = "iPhone Developer";
				COPY_PHASE_STRIP = NO;
				CURRENT_PROJECT_VERSION = 1;
				DEBUG_INFORMATION_FORMAT = "dwarf-with-dsym";
				ENABLE_NS_ASSERTIONS = NO;
				ENABLE_STRICT_OBJC_MSGSEND = YES;
				GCC_C_LANGUAGE_STANDARD = gnu99;
				GCC_NO_COMMON_BLOCKS = YES;
				GCC_WARN_64_TO_32_BIT_CONVERSION = YES;
				GCC_WARN_ABOUT_RETURN_TYPE = YES_ERROR;
				GCC_WARN_UNDECLARED_SELECTOR = YES;
				GCC_WARN_UNINITIALIZED_AUTOS = YES_AGGRESSIVE;
				GCC_WARN_UNUSED_FUNCTION = YES;
				GCC_WARN_UNUSED_VARIABLE = YES;
				IPHONEOS_DEPLOYMENT_TARGET = 9.3;
				MTL_ENABLE_DEBUG_INFO = NO;
				SDKROOT = iphoneos;
				SWIFT_VERSION = 4.0;
				VALIDATE_PRODUCT = YES;
				VERSIONING_SYSTEM = "apple-generic";
				VERSION_INFO_PREFIX = "";
			};
			name = Distribution;
		};
		5DA6BF6A1CE54957009A68F0 /* Distribution */ = {
			isa = XCBuildConfiguration;
			baseConfigurationReference = 2D4AB7E5F549E487073F9E97 /* Pods-SampleApp-iOS.distribution.xcconfig */;
			buildSettings = {
				ASSETCATALOG_COMPILER_APPICON_NAME = AppIcon;
				CODE_SIGN_IDENTITY = "iPhone Developer";
				DEVELOPMENT_TEAM = "";
				INFOPLIST_FILE = "$(SRCROOT)/Sources/iOS/Info.plist";
				IPHONEOS_DEPLOYMENT_TARGET = 10.0;
				LD_RUNPATH_SEARCH_PATHS = "$(inherited) @executable_path/Frameworks";
				PRODUCT_BUNDLE_IDENTIFIER = "com.tdonnelly.SampleApp-iOS";
				PRODUCT_NAME = SampleApp;
				SWIFT_OPTIMIZATION_LEVEL = "-Owholemodule";
				SWIFT_VERSION = 4.2;
			};
			name = Distribution;
		};
		5DA6BF6B1CE54957009A68F0 /* Distribution */ = {
			isa = XCBuildConfiguration;
			baseConfigurationReference = F858F63D950670A3B5112556 /* Pods-SampleApp-macOS.distribution.xcconfig */;
			buildSettings = {
				ASSETCATALOG_COMPILER_APPICON_NAME = AppIcon;
				CODE_SIGN_IDENTITY = "-";
				COMBINE_HIDPI_IMAGES = YES;
				INFOPLIST_FILE = "$(SRCROOT)/Sources/macOS/Info.plist";
				LD_RUNPATH_SEARCH_PATHS = "$(inherited) @executable_path/../Frameworks";
				MACOSX_DEPLOYMENT_TARGET = 10.12;
				PRODUCT_BUNDLE_IDENTIFIER = "com.tdonnelly.SampleApp-macOS";
				PRODUCT_NAME = "$(TARGET_NAME)";
				SDKROOT = macosx;
				SWIFT_VERSION = 4.2;
			};
			name = Distribution;
		};
		5DA6BF6C1CE54957009A68F0 /* Distribution */ = {
			isa = XCBuildConfiguration;
			baseConfigurationReference = 77D41E45A9AABC006DF9D203 /* Pods-SampleApp-tvOS.distribution.xcconfig */;
			buildSettings = {
				ASSETCATALOG_COMPILER_APPICON_NAME = "App Icon & Top Shelf Image";
				ASSETCATALOG_COMPILER_LAUNCHIMAGE_NAME = LaunchImage;
				CODE_SIGN_IDENTITY = "iPhone Developer";
				INFOPLIST_FILE = "$(SRCROOT)/Sources/tvOS/Info.plist";
				LD_RUNPATH_SEARCH_PATHS = "$(inherited) @executable_path/Frameworks";
				PRODUCT_BUNDLE_IDENTIFIER = "com.tdonnelly.SampleApp-tvOS";
				PRODUCT_NAME = "$(TARGET_NAME)";
				SDKROOT = appletvos;
				SWIFT_VERSION = 4.2;
				TARGETED_DEVICE_FAMILY = 3;
				TVOS_DEPLOYMENT_TARGET = 10.0;
			};
			name = Distribution;
		};
/* End XCBuildConfiguration section */

/* Begin XCConfigurationList section */
		228E20921C9CBA490058ADA1 /* Build configuration list for PBXNativeTarget "SampleApp-tvOS" */ = {
			isa = XCConfigurationList;
			buildConfigurations = (
				228E20931C9CBA490058ADA1 /* Debug */,
				228E20941C9CBA490058ADA1 /* Release */,
				5DA6BF6C1CE54957009A68F0 /* Distribution */,
			);
			defaultConfigurationIsVisible = 0;
			defaultConfigurationName = Release;
		};
		22F74AB61C7674BB004C6E4C /* Build configuration list for PBXNativeTarget "SampleApp-iOS" */ = {
			isa = XCConfigurationList;
			buildConfigurations = (
				22F74AB41C7674BB004C6E4C /* Debug */,
				22F74AB51C7674BB004C6E4C /* Release */,
				5DA6BF6A1CE54957009A68F0 /* Distribution */,
			);
			defaultConfigurationIsVisible = 0;
			defaultConfigurationName = Release;
		};
		5D39CEDB1C6E983100DFCF86 /* Build configuration list for PBXProject "SampleApp" */ = {
			isa = XCConfigurationList;
			buildConfigurations = (
				5D39CEF31C6E983100DFCF86 /* Debug */,
				5D39CEF41C6E983100DFCF86 /* Release */,
				5DA6BF631CE54957009A68F0 /* Distribution */,
			);
			defaultConfigurationIsVisible = 0;
			defaultConfigurationName = Release;
		};
		5D3A2F721C92559B0071F08F /* Build configuration list for PBXNativeTarget "SampleApp-macOS" */ = {
			isa = XCConfigurationList;
			buildConfigurations = (
				5D3A2F731C92559B0071F08F /* Debug */,
				5D3A2F741C92559B0071F08F /* Release */,
				5DA6BF6B1CE54957009A68F0 /* Distribution */,
			);
			defaultConfigurationIsVisible = 0;
			defaultConfigurationName = Release;
		};
/* End XCConfigurationList section */
	};
	rootObject = 5D39CED81C6E983100DFCF86 /* Project object */;
}
